
Microsoft Visual Studio Solution File, Format Version 12.00
# Visual Studio Version 17
VisualStudioVersion = 17.0.31903.59
MinimumVisualStudioVersion = 10.0.40219.1
Project("{2150E333-8FDC-42A3-9474-1A3956D46DE8}") = "Examples", "Examples", "{B36A84DF-456D-A817-6EDD-3EC3E7F6E11F}"
EndProject
Project("{2150E333-8FDC-42A3-9474-1A3956D46DE8}") = "developer-guide", "developer-guide", "{4A939368-4DCB-2722-D2AD-2E6874654808}"
EndProject
Project("{F184B08F-C81C-45F6-A57F-5ABD9991F28F}") = "CopyTheCodeExample", "Examples\developer-guide\CopyTheCodeExample\CopyTheCodeExample.vbproj", "{D3E3E96E-60B2-4EE5-BC9B-C1B8968D96D5}"
EndProject
Project("{2150E333-8FDC-42A3-9474-1A3956D46DE8}") = "loading-source-documents", "loading-source-documents", "{5D5D058F-60FD-5C65-8321-6DE1A038CDB3}"
EndProject
Project("{F184B08F-C81C-45F6-A57F-5ABD9991F28F}") = "LoadFromFilePath", "Examples\developer-guide\loading-source-documents\LoadFromFilePath\LoadFromFilePath.vbproj", "{6E60BFCE-C5AF-4730-B4EC-3589092F3451}"
EndProject
Project("{F184B08F-C81C-45F6-A57F-5ABD9991F28F}") = "LoadFromStream", "Examples\developer-guide\loading-source-documents\LoadFromStream\LoadFromStream.vbproj", "{0406EE65-074F-4B27-AB39-C49603A8C702}"
EndProject
Project("{F184B08F-C81C-45F6-A57F-5ABD9991F28F}") = "SetLoadOptions", "Examples\developer-guide\loading-source-documents\SetLoadOptions\SetLoadOptions.vbproj", "{39858397-9B3E-4364-B898-AFEAC3CACA63}"
EndProject
Project("{2150E333-8FDC-42A3-9474-1A3956D46DE8}") = "saving-converted-documents", "saving-converted-documents", "{790F45F8-A43B-718B-D6EE-53787ECADF6A}"
EndProject
Project("{F184B08F-C81C-45F6-A57F-5ABD9991F28F}") = "SaveToFilePath", "Examples\developer-guide\saving-converted-documents\SaveToFilePath\SaveToFilePath.vbproj", "{891D40B5-AAB2-4CDB-95F2-855A78F81469}"
EndProject
Project("{F184B08F-C81C-45F6-A57F-5ABD9991F28F}") = "SaveToStream", "Examples\developer-guide\saving-converted-documents\SaveToStream\SaveToStream.vbproj", "{75175D81-8C3D-40DF-950E-0B0E68082463}"
EndProject
Project("{F184B08F-C81C-45F6-A57F-5ABD9991F28F}") = "SetConvertOptions", "Examples\developer-guide\saving-converted-documents\SetConvertOptions\SetConvertOptions.vbproj", "{E21E288D-0407-4A8A-8838-158F2E635E18}"
EndProject
Project("{2150E333-8FDC-42A3-9474-1A3956D46DE8}") = "using-doc-to-pdf-converter", "using-doc-to-pdf-converter", "{D856872A-F916-9A27-5605-919117669D1D}"
EndProject
Project("{F184B08F-C81C-45F6-A57F-5ABD9991F28F}") = "BasicExample", "Examples\developer-guide\using-doc-to-pdf-converter\BasicExample\BasicExample.vbproj", "{89E0C0D3-EE32-4BCA-B4C1-287040CD949C}"
EndProject
Project("{F184B08F-C81C-45F6-A57F-5ABD9991F28F}") = "DocToPasswordProtectedPdf", "Examples\developer-guide\using-doc-to-pdf-converter\DocToPasswordProtectedPdf\DocToPasswordProtectedPdf.vbproj", "{185F7FA6-9C65-4EAF-B77A-665E1F6DFBB6}"
EndProject
Project("{F184B08F-C81C-45F6-A57F-5ABD9991F28F}") = "DocToPdfaFormat", "Examples\developer-guide\using-doc-to-pdf-converter\DocToPdfaFormat\DocToPdfaFormat.vbproj", "{5DD6D62F-5082-46D1-BEEB-83A6C3B8C0FF}"
EndProject
Project("{F184B08F-C81C-45F6-A57F-5ABD9991F28F}") = "DocWithCommentsToPdfWithoutComments", "Examples\developer-guide\using-doc-to-pdf-converter\DocWithCommentsToPdfWithoutComments\DocWithCommentsToPdfWithoutComments.vbproj", "{8DBA52BB-D6FD-413D-99FC-B9B9810096A4}"
EndProject
Project("{F184B08F-C81C-45F6-A57F-5ABD9991F28F}") = "DocWithTrackedChangesToPdf", "Examples\developer-guide\using-doc-to-pdf-converter\DocWithTrackedChangesToPdf\DocWithTrackedChangesToPdf.vbproj", "{42DBAA66-3577-46F4-B0EC-51532B7694FC}"
EndProject
Project("{F184B08F-C81C-45F6-A57F-5ABD9991F28F}") = "ProtectedDocToPdf", "Examples\developer-guide\using-doc-to-pdf-converter\ProtectedDocToPdf\ProtectedDocToPdf.vbproj", "{D6223FF9-12F8-4309-AC3D-69F300438FDC}"
EndProject
Project("{F184B08F-C81C-45F6-A57F-5ABD9991F28F}") = "SpecificDocPagesToPdf", "Examples\developer-guide\using-doc-to-pdf-converter\SpecificDocPagesToPdf\SpecificDocPagesToPdf.vbproj", "{2A37DB07-E99E-4872-BE34-F2760B226CD5}"
EndProject
Project("{2150E333-8FDC-42A3-9474-1A3956D46DE8}") = "using-docx-to-pdf-converter", "using-docx-to-pdf-converter", "{AF5FE4F4-D62E-7C17-2FB7-C4852F93726B}"
EndProject
Project("{F184B08F-C81C-45F6-A57F-5ABD9991F28F}") = "BasicExample", "Examples\developer-guide\using-docx-to-pdf-converter\BasicExample\BasicExample.vbproj", "{EB82C898-C925-44CF-99D3-CE5BD480F5CC}"
EndProject
Project("{F184B08F-C81C-45F6-A57F-5ABD9991F28F}") = "DocxToPasswordProtectedPdf", "Examples\developer-guide\using-docx-to-pdf-converter\DocxToPasswordProtectedPdf\DocxToPasswordProtectedPdf.vbproj", "{F0FEC324-FD3C-4A5C-8161-A5C6AD8BEF5B}"
EndProject
Project("{F184B08F-C81C-45F6-A57F-5ABD9991F28F}") = "DocxWithCommentsToPdfWithoutComments", "Examples\developer-guide\using-docx-to-pdf-converter\DocxWithCommentsToPdfWithoutComments\DocxWithCommentsToPdfWithoutComments.vbproj", "{07ADBF55-0086-4BB9-9A0D-23E6D9801CF1}"
EndProject
Project("{F184B08F-C81C-45F6-A57F-5ABD9991F28F}") = "DocxWithTrackedChangesToPdf", "Examples\developer-guide\using-docx-to-pdf-converter\DocxWithTrackedChangesToPdf\DocxWithTrackedChangesToPdf.vbproj", "{8F6410C2-C531-497F-A9F9-E92F226B9A8F}"
EndProject
Project("{F184B08F-C81C-45F6-A57F-5ABD9991F28F}") = "ProtectedDocxToPdf", "Examples\developer-guide\using-docx-to-pdf-converter\ProtectedDocxToPdf\ProtectedDocxToPdf.vbproj", "{34388A65-87B6-4685-AF9C-B32D1D700A25}"
EndProject
Project("{F184B08F-C81C-45F6-A57F-5ABD9991F28F}") = "SpecificDocxPagesToPdf", "Examples\developer-guide\using-docx-to-pdf-converter\SpecificDocxPagesToPdf\SpecificDocxPagesToPdf.vbproj", "{9C35B49E-8F2E-4177-B006-D6A31BEDED03}"
EndProject
Project("{2150E333-8FDC-42A3-9474-1A3956D46DE8}") = "using-html-to-pdf-converter", "using-html-to-pdf-converter", "{77D06742-FB66-B180-877E-055C24BF00C1}"
EndProject
Project("{F184B08F-C81C-45F6-A57F-5ABD9991F28F}") = "BasicExample", "Examples\developer-guide\using-html-to-pdf-converter\BasicExample\BasicExample.vbproj", "{06AC94E0-0E00-4474-B692-61A97AD206FD}"
EndProject
Project("{F184B08F-C81C-45F6-A57F-5ABD9991F28F}") = "HtmlToPasswordProtectedPdf", "Examples\developer-guide\using-html-to-pdf-converter\HtmlToPasswordProtectedPdf\HtmlToPasswordProtectedPdf.vbproj", "{C6A5EB27-253E-452F-BFBA-8C46DA6D81A5}"
EndProject
Project("{F184B08F-C81C-45F6-A57F-5ABD9991F28F}") = "HtmlToPdfWithSpecificPdfFormat", "Examples\developer-guide\using-html-to-pdf-converter\HtmlToPdfWithSpecificPdfFormat\HtmlToPdfWithSpecificPdfFormat.vbproj", "{1904EA46-ADBC-486C-9012-51F530174BE4}"
EndProject
Project("{F184B08F-C81C-45F6-A57F-5ABD9991F28F}") = "HtmlWithCustomCssStyling", "Examples\developer-guide\using-html-to-pdf-converter\HtmlWithCustomCssStyling\HtmlWithCustomCssStyling.vbproj", "{E56FABE7-8FAB-47AA-B7A4-7C0BE5044197}"
EndProject
Project("{F184B08F-C81C-45F6-A57F-5ABD9991F28F}") = "HtmlWithZoomLevel", "Examples\developer-guide\using-html-to-pdf-converter\HtmlWithZoomLevel\HtmlWithZoomLevel.vbproj", "{89596F16-C108-4863-893E-8C0B35C9E3CE}"
EndProject
Project("{F184B08F-C81C-45F6-A57F-5ABD9991F28F}") = "SkipExternalResourcesReferencedInHtml", "Examples\developer-guide\using-html-to-pdf-converter\SkipExternalResourcesReferencedInHtml\SkipExternalResourcesReferencedInHtml.vbproj", "{924531F2-8FAC-4C38-952C-5F0EEA40C873}"
EndProject
Project("{2150E333-8FDC-42A3-9474-1A3956D46DE8}") = "using-pdf-to-docx-converter", "using-pdf-to-docx-converter", "{E55ABD09-0A2D-61ED-674E-49467F422D5F}"
EndProject
Project("{F184B08F-C81C-45F6-A57F-5ABD9991F28F}") = "BasicExample", "Examples\developer-guide\using-pdf-to-docx-converter\BasicExample\BasicExample.vbproj", "{BC916A19-50E1-410E-A29B-F5EA15D1B82F}"
EndProject
Project("{F184B08F-C81C-45F6-A57F-5ABD9991F28F}") = "FlattenFieldsInFormFillablePdf", "Examples\developer-guide\using-pdf-to-docx-converter\FlattenFieldsInFormFillablePdf\FlattenFieldsInFormFillablePdf.vbproj", "{A7E0BA09-A5D2-4295-A64E-1FFE2965B594}"
EndProject
Project("{F184B08F-C81C-45F6-A57F-5ABD9991F28F}") = "PdfToDocxWithA4PageSize", "Examples\developer-guide\using-pdf-to-docx-converter\PdfToDocxWithA4PageSize\PdfToDocxWithA4PageSize.vbproj", "{CF5E2F3E-C839-4300-A19A-1DCD4D334571}"
EndProject
Project("{F184B08F-C81C-45F6-A57F-5ABD9991F28F}") = "PdfToPasswordProtectedDocx", "Examples\developer-guide\using-pdf-to-docx-converter\PdfToPasswordProtectedDocx\PdfToPasswordProtectedDocx.vbproj", "{943BB1E3-A761-484D-B4F6-C5ABCB034902}"
EndProject
Project("{F184B08F-C81C-45F6-A57F-5ABD9991F28F}") = "PdfWithAnnotationsToDocxWithoutAnnotations", "Examples\developer-guide\using-pdf-to-docx-converter\PdfWithAnnotationsToDocxWithoutAnnotations\PdfWithAnnotationsToDocxWithoutAnnotations.vbproj", "{02AB45A4-E2FD-43DB-9B90-8244B0CE1843}"
EndProject
Project("{F184B08F-C81C-45F6-A57F-5ABD9991F28F}") = "ProtectedPdfToDocx", "Examples\developer-guide\using-pdf-to-docx-converter\ProtectedPdfToDocx\ProtectedPdfToDocx.vbproj", "{E34B16F5-3018-41D9-8248-03E94E46AFFF}"
EndProject
Project("{2150E333-8FDC-42A3-9474-1A3956D46DE8}") = "using-pdf-to-md-converter", "using-pdf-to-md-converter", "{BC91DC4C-7B9B-B9EC-EBA5-B32FD88F46AE}"
EndProject
Project("{F184B08F-C81C-45F6-A57F-5ABD9991F28F}") = "BasicExample", "Examples\developer-guide\using-pdf-to-md-converter\BasicExample\BasicExample.vbproj", "{1BC14D81-2875-4784-AD9E-32BC407E8E7E}"
EndProject
Project("{F184B08F-C81C-45F6-A57F-5ABD9991F28F}") = "FlattenFieldsInFormFillablePdf", "Examples\developer-guide\using-pdf-to-md-converter\FlattenFieldsInFormFillablePdf\FlattenFieldsInFormFillablePdf.vbproj", "{929D2C99-A415-47C1-85E8-C987591D97E6}"
EndProject
Project("{F184B08F-C81C-45F6-A57F-5ABD9991F28F}") = "PdfWithAnnotationsToMarkdownWithoutAnnotations", "Examples\developer-guide\using-pdf-to-md-converter\PdfWithAnnotationsToMarkdownWithoutAnnotations\PdfWithAnnotationsToMarkdownWithoutAnnotations.vbproj", "{6829F9CA-CCBC-4E2F-B330-4C787EEE20C5}"
EndProject
Project("{F184B08F-C81C-45F6-A57F-5ABD9991F28F}") = "ProtectedPdfToMarkdown", "Examples\developer-guide\using-pdf-to-md-converter\ProtectedPdfToMarkdown\ProtectedPdfToMarkdown.vbproj", "{D5E6D1A7-CAF6-444A-B6BA-B72599615331}"
EndProject
Project("{F184B08F-C81C-45F6-A57F-5ABD9991F28F}") = "SkipImagesWhenConvertingPdfToMarkdown", "Examples\developer-guide\using-pdf-to-md-converter\SkipImagesWhenConvertingPdfToMarkdown\SkipImagesWhenConvertingPdfToMarkdown.vbproj", "{4D5884AB-0F3E-4445-AD7E-C40835912BA4}"
EndProject
Project("{2150E333-8FDC-42A3-9474-1A3956D46DE8}") = "using-pdf-to-pdfa-converter", "using-pdf-to-pdfa-converter", "{1B531C02-7D8E-0816-124D-1F7B88BD3157}"
EndProject
Project("{F184B08F-C81C-45F6-A57F-5ABD9991F28F}") = "BasicExample", "Examples\developer-guide\using-pdf-to-pdfa-converter\BasicExample\BasicExample.vbproj", "{72F1515B-850B-4CFF-B92E-85056CBE5C72}"
EndProject
Project("{F184B08F-C81C-45F6-A57F-5ABD9991F28F}") = "FlattenFieldsInFormFillablePdf", "Examples\developer-guide\using-pdf-to-pdfa-converter\FlattenFieldsInFormFillablePdf\FlattenFieldsInFormFillablePdf.vbproj", "{BD9BCD69-9630-43C6-A445-CEE52D07D8FD}"
EndProject
Project("{F184B08F-C81C-45F6-A57F-5ABD9991F28F}") = "PdfToPasswordProtectedPdfa", "Examples\developer-guide\using-pdf-to-pdfa-converter\PdfToPasswordProtectedPdfa\PdfToPasswordProtectedPdfa.vbproj", "{DE7B0B76-713A-4BE1-BA88-9B7AFE46DEEB}"
EndProject
Project("{F184B08F-C81C-45F6-A57F-5ABD9991F28F}") = "PdfWithAnnotationsToPdfaWithoutAnnotations", "Examples\developer-guide\using-pdf-to-pdfa-converter\PdfWithAnnotationsToPdfaWithoutAnnotations\PdfWithAnnotationsToPdfaWithoutAnnotations.vbproj", "{24E3B47B-A638-497C-BC82-6D4D84E1BD19}"
EndProject
Project("{F184B08F-C81C-45F6-A57F-5ABD9991F28F}") = "ProtectedPdfToPdfa", "Examples\developer-guide\using-pdf-to-pdfa-converter\ProtectedPdfToPdfa\ProtectedPdfToPdfa.vbproj", "{C97E2D0C-E0F4-4F37-82D8-672E192CC5CD}"
EndProject
Project("{F184B08F-C81C-45F6-A57F-5ABD9991F28F}") = "SpecificPdfPagesToPdfa", "Examples\developer-guide\using-pdf-to-pdfa-converter\SpecificPdfPagesToPdfa\SpecificPdfPagesToPdfa.vbproj", "{05889DB5-9C29-47A4-AF5D-DAAF3C6C2B0C}"
EndProject
Project("{2150E333-8FDC-42A3-9474-1A3956D46DE8}") = "using-ppt-to-pdf-converter", "using-ppt-to-pdf-converter", "{31E6C9ED-B259-828B-EDA3-A49D78EEE8B4}"
EndProject
Project("{F184B08F-C81C-45F6-A57F-5ABD9991F28F}") = "BasicExample", "Examples\developer-guide\using-ppt-to-pdf-converter\BasicExample\BasicExample.vbproj", "{C0DCA0AD-AA70-43EC-81FA-87EC4678EF28}"
EndProject
Project("{F184B08F-C81C-45F6-A57F-5ABD9991F28F}") = "PptToPasswordProtectedPdf", "Examples\developer-guide\using-ppt-to-pdf-converter\PptToPasswordProtectedPdf\PptToPasswordProtectedPdf.vbproj", "{9EC91E47-FB60-4804-AD51-A88C2609ACC5}"
EndProject
Project("{F184B08F-C81C-45F6-A57F-5ABD9991F28F}") = "PptWithHiddenSlides", "Examples\developer-guide\using-ppt-to-pdf-converter\PptWithHiddenSlides\PptWithHiddenSlides.vbproj", "{AE28A6D0-F5F3-4E72-9DCA-3517DEE67AE7}"
EndProject
Project("{F184B08F-C81C-45F6-A57F-5ABD9991F28F}") = "PptWithPreservedDocumentStructureForAccessiblePdf", "Examples\developer-guide\using-ppt-to-pdf-converter\PptWithPreservedDocumentStructureForAccessiblePdf\PptWithPreservedDocumentStructureForAccessiblePdf.vbproj", "{ACFD2F76-1FDE-4403-940C-3C9AA360FB05}"
EndProject
Project("{F184B08F-C81C-45F6-A57F-5ABD9991F28F}") = "ProtectedPptToPdf", "Examples\developer-guide\using-ppt-to-pdf-converter\ProtectedPptToPdf\ProtectedPptToPdf.vbproj", "{53B325D3-0E95-436B-A9CD-BC0D673FC0A0}"
EndProject
Project("{F184B08F-C81C-45F6-A57F-5ABD9991F28F}") = "SpecificPptSlidesToPdf", "Examples\developer-guide\using-ppt-to-pdf-converter\SpecificPptSlidesToPdf\SpecificPptSlidesToPdf.vbproj", "{819B824A-D9F9-4455-A786-DA9B7F2581C4}"
EndProject
Project("{2150E333-8FDC-42A3-9474-1A3956D46DE8}") = "using-pptx-to-pdf-converter", "using-pptx-to-pdf-converter", "{C8C2ADD4-A58C-B8B3-CCEE-A2EDBBFB9A33}"
EndProject
Project("{F184B08F-C81C-45F6-A57F-5ABD9991F28F}") = "BasicExample", "Examples\developer-guide\using-pptx-to-pdf-converter\BasicExample\BasicExample.vbproj", "{AC313034-F753-4565-B2E3-DC4E0C5921FC}"
EndProject
Project("{F184B08F-C81C-45F6-A57F-5ABD9991F28F}") = "PptxToPasswordProtectedPdf", "Examples\developer-guide\using-pptx-to-pdf-converter\PptxToPasswordProtectedPdf\PptxToPasswordProtectedPdf.vbproj", "{3F4E4F68-27B4-43E1-A3C8-6B593DDF5985}"
EndProject
Project("{F184B08F-C81C-45F6-A57F-5ABD9991F28F}") = "PptxWithHiddenSlides", "Examples\developer-guide\using-pptx-to-pdf-converter\PptxWithHiddenSlides\PptxWithHiddenSlides.vbproj", "{79166B41-F683-470D-BE1C-D36C2D0C1898}"
EndProject
Project("{F184B08F-C81C-45F6-A57F-5ABD9991F28F}") = "PreserveDocumentStructureForAccessiblePdf", "Examples\developer-guide\using-pptx-to-pdf-converter\PreserveDocumentStructureForAccessiblePdf\PreserveDocumentStructureForAccessiblePdf.vbproj", "{63D772A5-A2B9-4F6D-BE4B-EEC4FDFEE06B}"
EndProject
Project("{F184B08F-C81C-45F6-A57F-5ABD9991F28F}") = "ProtectedPptxToPdf", "Examples\developer-guide\using-pptx-to-pdf-converter\ProtectedPptxToPdf\ProtectedPptxToPdf.vbproj", "{B226E8EB-A1B4-4CBD-9360-0F93D08277D4}"
EndProject
Project("{F184B08F-C81C-45F6-A57F-5ABD9991F28F}") = "SpecificPptxSlidesToPdf", "Examples\developer-guide\using-pptx-to-pdf-converter\SpecificPptxSlidesToPdf\SpecificPptxSlidesToPdf.vbproj", "{9F2D0E3D-40E0-4F0D-ABF0-41FC54C7E071}"
EndProject
Project("{2150E333-8FDC-42A3-9474-1A3956D46DE8}") = "using-xls-to-pdf-converter", "using-xls-to-pdf-converter", "{36D8C42F-4FBD-FC5E-CC41-32D400E07243}"
EndProject
Project("{F184B08F-C81C-45F6-A57F-5ABD9991F28F}") = "BasicExample", "Examples\developer-guide\using-xls-to-pdf-converter\BasicExample\BasicExample.vbproj", "{7D72BB1E-18BA-499D-AFDD-2C586901202A}"
EndProject
Project("{F184B08F-C81C-45F6-A57F-5ABD9991F28F}") = "ProtectedXlsToPdf", "Examples\developer-guide\using-xls-to-pdf-converter\ProtectedXlsToPdf\ProtectedXlsToPdf.vbproj", "{9B5F8091-B7EA-46E3-ACDD-B8455FD57375}"
EndProject
Project("{F184B08F-C81C-45F6-A57F-5ABD9991F28F}") = "SpecificSheetsFromXlsToPdf", "Examples\developer-guide\using-xls-to-pdf-converter\SpecificSheetsFromXlsToPdf\SpecificSheetsFromXlsToPdf.vbproj", "{20F132D1-2201-46DA-B0B4-612A74EEDA48}"
EndProject
Project("{F184B08F-C81C-45F6-A57F-5ABD9991F28F}") = "XlsToPasswordProtectedPdf", "Examples\developer-guide\using-xls-to-pdf-converter\XlsToPasswordProtectedPdf\XlsToPasswordProtectedPdf.vbproj", "{D5CC6C3E-8678-44A2-9750-E25B27855AD8}"
EndProject
Project("{F184B08F-C81C-45F6-A57F-5ABD9991F28F}") = "XlsToPdfWithSpecificPdfFormat", "Examples\developer-guide\using-xls-to-pdf-converter\XlsToPdfWithSpecificPdfFormat\XlsToPdfWithSpecificPdfFormat.vbproj", "{4904AD51-BECB-4285-AA1D-9A218769BC36}"
EndProject
Project("{F184B08F-C81C-45F6-A57F-5ABD9991F28F}") = "XlsWithHiddenSheets", "Examples\developer-guide\using-xls-to-pdf-converter\XlsWithHiddenSheets\XlsWithHiddenSheets.vbproj", "{24CC8B97-4F27-4E41-AAFD-C4B8B8B77F45}"
EndProject
Project("{2150E333-8FDC-42A3-9474-1A3956D46DE8}") = "using-xlsx-to-pdf-converter", "using-xlsx-to-pdf-converter", "{5FB87C89-69A7-7AD2-4675-8C09CA71E9F6}"
EndProject
Project("{F184B08F-C81C-45F6-A57F-5ABD9991F28F}") = "BasicExample", "Examples\developer-guide\using-xlsx-to-pdf-converter\BasicExample\BasicExample.vbproj", "{0B0429A3-CA4A-4C40-805C-1F4146EC3F8A}"
EndProject
Project("{F184B08F-C81C-45F6-A57F-5ABD9991F28F}") = "ProtectedXlsxToPdf", "Examples\developer-guide\using-xlsx-to-pdf-converter\ProtectedXlsxToPdf\ProtectedXlsxToPdf.vbproj", "{4283A7F7-5510-45C9-BA95-0A9245956D15}"
EndProject
Project("{F184B08F-C81C-45F6-A57F-5ABD9991F28F}") = "SpecificSheetsFromXlsxToPdf", "Examples\developer-guide\using-xlsx-to-pdf-converter\SpecificSheetsFromXlsxToPdf\SpecificSheetsFromXlsxToPdf.vbproj", "{7DB7A02C-B8F8-4A7D-B2CC-928E6AD1009E}"
EndProject
Project("{F184B08F-C81C-45F6-A57F-5ABD9991F28F}") = "XlsxToPasswordProtectedPdf", "Examples\developer-guide\using-xlsx-to-pdf-converter\XlsxToPasswordProtectedPdf\XlsxToPasswordProtectedPdf.vbproj", "{B6986967-8AC0-4357-B671-161AB14470E4}"
EndProject
Project("{F184B08F-C81C-45F6-A57F-5ABD9991F28F}") = "XlsxToPdfWithSpecificPdfFormat", "Examples\developer-guide\using-xlsx-to-pdf-converter\XlsxToPdfWithSpecificPdfFormat\XlsxToPdfWithSpecificPdfFormat.vbproj", "{E8134118-C745-4EE1-B230-6214DB9B8B86}"
EndProject
Project("{F184B08F-C81C-45F6-A57F-5ABD9991F28F}") = "XlsxWithHiddenSheetsToPdf", "Examples\developer-guide\using-xlsx-to-pdf-converter\XlsxWithHiddenSheetsToPdf\XlsxWithHiddenSheetsToPdf.vbproj", "{031BEC8F-5385-4A1A-ABB1-961931A2DC89}"
EndProject
Project("{2150E333-8FDC-42A3-9474-1A3956D46DE8}") = "licensing", "licensing", "{D8C81624-966F-D06E-07AA-5A5CEE056E83}"
EndProject
Project("{F184B08F-C81C-45F6-A57F-5ABD9991F28F}") = "SetLicenseFromFile", "Examples\licensing\SetLicenseFromFile\SetLicenseFromFile.vbproj", "{D86E9A01-F8DA-4AA9-8C7C-A1CEE721E4E6}"
EndProject
Project("{F184B08F-C81C-45F6-A57F-5ABD9991F28F}") = "SetLicenseKeys", "Examples\licensing\SetLicenseKeys\SetLicenseKeys.vbproj", "{B64A090F-EDAF-4EAB-9558-98241E2ADBA9}"
EndProject
Global
	GlobalSection(SolutionConfigurationPlatforms) = preSolution
		Debug|Any CPU = Debug|Any CPU
		Debug|x64 = Debug|x64
		Debug|x86 = Debug|x86
		Release|Any CPU = Release|Any CPU
		Release|x64 = Release|x64
		Release|x86 = Release|x86
	EndGlobalSection
	GlobalSection(ProjectConfigurationPlatforms) = postSolution
		{D3E3E96E-60B2-4EE5-BC9B-C1B8968D96D5}.Debug|Any CPU.ActiveCfg = Debug|Any CPU
		{D3E3E96E-60B2-4EE5-BC9B-C1B8968D96D5}.Debug|Any CPU.Build.0 = Debug|Any CPU
		{D3E3E96E-60B2-4EE5-BC9B-C1B8968D96D5}.Debug|x64.ActiveCfg = Debug|Any CPU
		{D3E3E96E-60B2-4EE5-BC9B-C1B8968D96D5}.Debug|x64.Build.0 = Debug|Any CPU
		{D3E3E96E-60B2-4EE5-BC9B-C1B8968D96D5}.Debug|x86.ActiveCfg = Debug|Any CPU
		{D3E3E96E-60B2-4EE5-BC9B-C1B8968D96D5}.Debug|x86.Build.0 = Debug|Any CPU
		{D3E3E96E-60B2-4EE5-BC9B-C1B8968D96D5}.Release|Any CPU.ActiveCfg = Release|Any CPU
		{D3E3E96E-60B2-4EE5-BC9B-C1B8968D96D5}.Release|Any CPU.Build.0 = Release|Any CPU
		{D3E3E96E-60B2-4EE5-BC9B-C1B8968D96D5}.Release|x64.ActiveCfg = Release|Any CPU
		{D3E3E96E-60B2-4EE5-BC9B-C1B8968D96D5}.Release|x64.Build.0 = Release|Any CPU
		{D3E3E96E-60B2-4EE5-BC9B-C1B8968D96D5}.Release|x86.ActiveCfg = Release|Any CPU
		{D3E3E96E-60B2-4EE5-BC9B-C1B8968D96D5}.Release|x86.Build.0 = Release|Any CPU
		{6E60BFCE-C5AF-4730-B4EC-3589092F3451}.Debug|Any CPU.ActiveCfg = Debug|Any CPU
		{6E60BFCE-C5AF-4730-B4EC-3589092F3451}.Debug|Any CPU.Build.0 = Debug|Any CPU
		{6E60BFCE-C5AF-4730-B4EC-3589092F3451}.Debug|x64.ActiveCfg = Debug|Any CPU
		{6E60BFCE-C5AF-4730-B4EC-3589092F3451}.Debug|x64.Build.0 = Debug|Any CPU
		{6E60BFCE-C5AF-4730-B4EC-3589092F3451}.Debug|x86.ActiveCfg = Debug|Any CPU
		{6E60BFCE-C5AF-4730-B4EC-3589092F3451}.Debug|x86.Build.0 = Debug|Any CPU
		{6E60BFCE-C5AF-4730-B4EC-3589092F3451}.Release|Any CPU.ActiveCfg = Release|Any CPU
		{6E60BFCE-C5AF-4730-B4EC-3589092F3451}.Release|Any CPU.Build.0 = Release|Any CPU
		{6E60BFCE-C5AF-4730-B4EC-3589092F3451}.Release|x64.ActiveCfg = Release|Any CPU
		{6E60BFCE-C5AF-4730-B4EC-3589092F3451}.Release|x64.Build.0 = Release|Any CPU
		{6E60BFCE-C5AF-4730-B4EC-3589092F3451}.Release|x86.ActiveCfg = Release|Any CPU
		{6E60BFCE-C5AF-4730-B4EC-3589092F3451}.Release|x86.Build.0 = Release|Any CPU
		{0406EE65-074F-4B27-AB39-C49603A8C702}.Debug|Any CPU.ActiveCfg = Debug|Any CPU
		{0406EE65-074F-4B27-AB39-C49603A8C702}.Debug|Any CPU.Build.0 = Debug|Any CPU
		{0406EE65-074F-4B27-AB39-C49603A8C702}.Debug|x64.ActiveCfg = Debug|Any CPU
		{0406EE65-074F-4B27-AB39-C49603A8C702}.Debug|x64.Build.0 = Debug|Any CPU
		{0406EE65-074F-4B27-AB39-C49603A8C702}.Debug|x86.ActiveCfg = Debug|Any CPU
		{0406EE65-074F-4B27-AB39-C49603A8C702}.Debug|x86.Build.0 = Debug|Any CPU
		{0406EE65-074F-4B27-AB39-C49603A8C702}.Release|Any CPU.ActiveCfg = Release|Any CPU
		{0406EE65-074F-4B27-AB39-C49603A8C702}.Release|Any CPU.Build.0 = Release|Any CPU
		{0406EE65-074F-4B27-AB39-C49603A8C702}.Release|x64.ActiveCfg = Release|Any CPU
		{0406EE65-074F-4B27-AB39-C49603A8C702}.Release|x64.Build.0 = Release|Any CPU
		{0406EE65-074F-4B27-AB39-C49603A8C702}.Release|x86.ActiveCfg = Release|Any CPU
		{0406EE65-074F-4B27-AB39-C49603A8C702}.Release|x86.Build.0 = Release|Any CPU
		{39858397-9B3E-4364-B898-AFEAC3CACA63}.Debug|Any CPU.ActiveCfg = Debug|Any CPU
		{39858397-9B3E-4364-B898-AFEAC3CACA63}.Debug|Any CPU.Build.0 = Debug|Any CPU
		{39858397-9B3E-4364-B898-AFEAC3CACA63}.Debug|x64.ActiveCfg = Debug|Any CPU
		{39858397-9B3E-4364-B898-AFEAC3CACA63}.Debug|x64.Build.0 = Debug|Any CPU
		{39858397-9B3E-4364-B898-AFEAC3CACA63}.Debug|x86.ActiveCfg = Debug|Any CPU
		{39858397-9B3E-4364-B898-AFEAC3CACA63}.Debug|x86.Build.0 = Debug|Any CPU
		{39858397-9B3E-4364-B898-AFEAC3CACA63}.Release|Any CPU.ActiveCfg = Release|Any CPU
		{39858397-9B3E-4364-B898-AFEAC3CACA63}.Release|Any CPU.Build.0 = Release|Any CPU
		{39858397-9B3E-4364-B898-AFEAC3CACA63}.Release|x64.ActiveCfg = Release|Any CPU
		{39858397-9B3E-4364-B898-AFEAC3CACA63}.Release|x64.Build.0 = Release|Any CPU
		{39858397-9B3E-4364-B898-AFEAC3CACA63}.Release|x86.ActiveCfg = Release|Any CPU
		{39858397-9B3E-4364-B898-AFEAC3CACA63}.Release|x86.Build.0 = Release|Any CPU
		{891D40B5-AAB2-4CDB-95F2-855A78F81469}.Debug|Any CPU.ActiveCfg = Debug|Any CPU
		{891D40B5-AAB2-4CDB-95F2-855A78F81469}.Debug|Any CPU.Build.0 = Debug|Any CPU
		{891D40B5-AAB2-4CDB-95F2-855A78F81469}.Debug|x64.ActiveCfg = Debug|Any CPU
		{891D40B5-AAB2-4CDB-95F2-855A78F81469}.Debug|x64.Build.0 = Debug|Any CPU
		{891D40B5-AAB2-4CDB-95F2-855A78F81469}.Debug|x86.ActiveCfg = Debug|Any CPU
		{891D40B5-AAB2-4CDB-95F2-855A78F81469}.Debug|x86.Build.0 = Debug|Any CPU
		{891D40B5-AAB2-4CDB-95F2-855A78F81469}.Release|Any CPU.ActiveCfg = Release|Any CPU
		{891D40B5-AAB2-4CDB-95F2-855A78F81469}.Release|Any CPU.Build.0 = Release|Any CPU
		{891D40B5-AAB2-4CDB-95F2-855A78F81469}.Release|x64.ActiveCfg = Release|Any CPU
		{891D40B5-AAB2-4CDB-95F2-855A78F81469}.Release|x64.Build.0 = Release|Any CPU
		{891D40B5-AAB2-4CDB-95F2-855A78F81469}.Release|x86.ActiveCfg = Release|Any CPU
		{891D40B5-AAB2-4CDB-95F2-855A78F81469}.Release|x86.Build.0 = Release|Any CPU
		{75175D81-8C3D-40DF-950E-0B0E68082463}.Debug|Any CPU.ActiveCfg = Debug|Any CPU
		{75175D81-8C3D-40DF-950E-0B0E68082463}.Debug|Any CPU.Build.0 = Debug|Any CPU
		{75175D81-8C3D-40DF-950E-0B0E68082463}.Debug|x64.ActiveCfg = Debug|Any CPU
		{75175D81-8C3D-40DF-950E-0B0E68082463}.Debug|x64.Build.0 = Debug|Any CPU
		{75175D81-8C3D-40DF-950E-0B0E68082463}.Debug|x86.ActiveCfg = Debug|Any CPU
		{75175D81-8C3D-40DF-950E-0B0E68082463}.Debug|x86.Build.0 = Debug|Any CPU
		{75175D81-8C3D-40DF-950E-0B0E68082463}.Release|Any CPU.ActiveCfg = Release|Any CPU
		{75175D81-8C3D-40DF-950E-0B0E68082463}.Release|Any CPU.Build.0 = Release|Any CPU
		{75175D81-8C3D-40DF-950E-0B0E68082463}.Release|x64.ActiveCfg = Release|Any CPU
		{75175D81-8C3D-40DF-950E-0B0E68082463}.Release|x64.Build.0 = Release|Any CPU
		{75175D81-8C3D-40DF-950E-0B0E68082463}.Release|x86.ActiveCfg = Release|Any CPU
		{75175D81-8C3D-40DF-950E-0B0E68082463}.Release|x86.Build.0 = Release|Any CPU
		{E21E288D-0407-4A8A-8838-158F2E635E18}.Debug|Any CPU.ActiveCfg = Debug|Any CPU
		{E21E288D-0407-4A8A-8838-158F2E635E18}.Debug|Any CPU.Build.0 = Debug|Any CPU
		{E21E288D-0407-4A8A-8838-158F2E635E18}.Debug|x64.ActiveCfg = Debug|Any CPU
		{E21E288D-0407-4A8A-8838-158F2E635E18}.Debug|x64.Build.0 = Debug|Any CPU
		{E21E288D-0407-4A8A-8838-158F2E635E18}.Debug|x86.ActiveCfg = Debug|Any CPU
		{E21E288D-0407-4A8A-8838-158F2E635E18}.Debug|x86.Build.0 = Debug|Any CPU
		{E21E288D-0407-4A8A-8838-158F2E635E18}.Release|Any CPU.ActiveCfg = Release|Any CPU
		{E21E288D-0407-4A8A-8838-158F2E635E18}.Release|Any CPU.Build.0 = Release|Any CPU
		{E21E288D-0407-4A8A-8838-158F2E635E18}.Release|x64.ActiveCfg = Release|Any CPU
		{E21E288D-0407-4A8A-8838-158F2E635E18}.Release|x64.Build.0 = Release|Any CPU
		{E21E288D-0407-4A8A-8838-158F2E635E18}.Release|x86.ActiveCfg = Release|Any CPU
		{E21E288D-0407-4A8A-8838-158F2E635E18}.Release|x86.Build.0 = Release|Any CPU
		{89E0C0D3-EE32-4BCA-B4C1-287040CD949C}.Debug|Any CPU.ActiveCfg = Debug|Any CPU
		{89E0C0D3-EE32-4BCA-B4C1-287040CD949C}.Debug|Any CPU.Build.0 = Debug|Any CPU
		{89E0C0D3-EE32-4BCA-B4C1-287040CD949C}.Debug|x64.ActiveCfg = Debug|Any CPU
		{89E0C0D3-EE32-4BCA-B4C1-287040CD949C}.Debug|x64.Build.0 = Debug|Any CPU
		{89E0C0D3-EE32-4BCA-B4C1-287040CD949C}.Debug|x86.ActiveCfg = Debug|Any CPU
		{89E0C0D3-EE32-4BCA-B4C1-287040CD949C}.Debug|x86.Build.0 = Debug|Any CPU
		{89E0C0D3-EE32-4BCA-B4C1-287040CD949C}.Release|Any CPU.ActiveCfg = Release|Any CPU
		{89E0C0D3-EE32-4BCA-B4C1-287040CD949C}.Release|Any CPU.Build.0 = Release|Any CPU
		{89E0C0D3-EE32-4BCA-B4C1-287040CD949C}.Release|x64.ActiveCfg = Release|Any CPU
		{89E0C0D3-EE32-4BCA-B4C1-287040CD949C}.Release|x64.Build.0 = Release|Any CPU
		{89E0C0D3-EE32-4BCA-B4C1-287040CD949C}.Release|x86.ActiveCfg = Release|Any CPU
		{89E0C0D3-EE32-4BCA-B4C1-287040CD949C}.Release|x86.Build.0 = Release|Any CPU
		{185F7FA6-9C65-4EAF-B77A-665E1F6DFBB6}.Debug|Any CPU.ActiveCfg = Debug|Any CPU
		{185F7FA6-9C65-4EAF-B77A-665E1F6DFBB6}.Debug|Any CPU.Build.0 = Debug|Any CPU
		{185F7FA6-9C65-4EAF-B77A-665E1F6DFBB6}.Debug|x64.ActiveCfg = Debug|Any CPU
		{185F7FA6-9C65-4EAF-B77A-665E1F6DFBB6}.Debug|x64.Build.0 = Debug|Any CPU
		{185F7FA6-9C65-4EAF-B77A-665E1F6DFBB6}.Debug|x86.ActiveCfg = Debug|Any CPU
		{185F7FA6-9C65-4EAF-B77A-665E1F6DFBB6}.Debug|x86.Build.0 = Debug|Any CPU
		{185F7FA6-9C65-4EAF-B77A-665E1F6DFBB6}.Release|Any CPU.ActiveCfg = Release|Any CPU
		{185F7FA6-9C65-4EAF-B77A-665E1F6DFBB6}.Release|Any CPU.Build.0 = Release|Any CPU
		{185F7FA6-9C65-4EAF-B77A-665E1F6DFBB6}.Release|x64.ActiveCfg = Release|Any CPU
		{185F7FA6-9C65-4EAF-B77A-665E1F6DFBB6}.Release|x64.Build.0 = Release|Any CPU
		{185F7FA6-9C65-4EAF-B77A-665E1F6DFBB6}.Release|x86.ActiveCfg = Release|Any CPU
		{185F7FA6-9C65-4EAF-B77A-665E1F6DFBB6}.Release|x86.Build.0 = Release|Any CPU
		{5DD6D62F-5082-46D1-BEEB-83A6C3B8C0FF}.Debug|Any CPU.ActiveCfg = Debug|Any CPU
		{5DD6D62F-5082-46D1-BEEB-83A6C3B8C0FF}.Debug|Any CPU.Build.0 = Debug|Any CPU
		{5DD6D62F-5082-46D1-BEEB-83A6C3B8C0FF}.Debug|x64.ActiveCfg = Debug|Any CPU
		{5DD6D62F-5082-46D1-BEEB-83A6C3B8C0FF}.Debug|x64.Build.0 = Debug|Any CPU
		{5DD6D62F-5082-46D1-BEEB-83A6C3B8C0FF}.Debug|x86.ActiveCfg = Debug|Any CPU
		{5DD6D62F-5082-46D1-BEEB-83A6C3B8C0FF}.Debug|x86.Build.0 = Debug|Any CPU
		{5DD6D62F-5082-46D1-BEEB-83A6C3B8C0FF}.Release|Any CPU.ActiveCfg = Release|Any CPU
		{5DD6D62F-5082-46D1-BEEB-83A6C3B8C0FF}.Release|Any CPU.Build.0 = Release|Any CPU
		{5DD6D62F-5082-46D1-BEEB-83A6C3B8C0FF}.Release|x64.ActiveCfg = Release|Any CPU
		{5DD6D62F-5082-46D1-BEEB-83A6C3B8C0FF}.Release|x64.Build.0 = Release|Any CPU
		{5DD6D62F-5082-46D1-BEEB-83A6C3B8C0FF}.Release|x86.ActiveCfg = Release|Any CPU
		{5DD6D62F-5082-46D1-BEEB-83A6C3B8C0FF}.Release|x86.Build.0 = Release|Any CPU
		{8DBA52BB-D6FD-413D-99FC-B9B9810096A4}.Debug|Any CPU.ActiveCfg = Debug|Any CPU
		{8DBA52BB-D6FD-413D-99FC-B9B9810096A4}.Debug|Any CPU.Build.0 = Debug|Any CPU
		{8DBA52BB-D6FD-413D-99FC-B9B9810096A4}.Debug|x64.ActiveCfg = Debug|Any CPU
		{8DBA52BB-D6FD-413D-99FC-B9B9810096A4}.Debug|x64.Build.0 = Debug|Any CPU
		{8DBA52BB-D6FD-413D-99FC-B9B9810096A4}.Debug|x86.ActiveCfg = Debug|Any CPU
		{8DBA52BB-D6FD-413D-99FC-B9B9810096A4}.Debug|x86.Build.0 = Debug|Any CPU
		{8DBA52BB-D6FD-413D-99FC-B9B9810096A4}.Release|Any CPU.ActiveCfg = Release|Any CPU
		{8DBA52BB-D6FD-413D-99FC-B9B9810096A4}.Release|Any CPU.Build.0 = Release|Any CPU
		{8DBA52BB-D6FD-413D-99FC-B9B9810096A4}.Release|x64.ActiveCfg = Release|Any CPU
		{8DBA52BB-D6FD-413D-99FC-B9B9810096A4}.Release|x64.Build.0 = Release|Any CPU
		{8DBA52BB-D6FD-413D-99FC-B9B9810096A4}.Release|x86.ActiveCfg = Release|Any CPU
		{8DBA52BB-D6FD-413D-99FC-B9B9810096A4}.Release|x86.Build.0 = Release|Any CPU
		{42DBAA66-3577-46F4-B0EC-51532B7694FC}.Debug|Any CPU.ActiveCfg = Debug|Any CPU
		{42DBAA66-3577-46F4-B0EC-51532B7694FC}.Debug|Any CPU.Build.0 = Debug|Any CPU
		{42DBAA66-3577-46F4-B0EC-51532B7694FC}.Debug|x64.ActiveCfg = Debug|Any CPU
		{42DBAA66-3577-46F4-B0EC-51532B7694FC}.Debug|x64.Build.0 = Debug|Any CPU
		{42DBAA66-3577-46F4-B0EC-51532B7694FC}.Debug|x86.ActiveCfg = Debug|Any CPU
		{42DBAA66-3577-46F4-B0EC-51532B7694FC}.Debug|x86.Build.0 = Debug|Any CPU
		{42DBAA66-3577-46F4-B0EC-51532B7694FC}.Release|Any CPU.ActiveCfg = Release|Any CPU
		{42DBAA66-3577-46F4-B0EC-51532B7694FC}.Release|Any CPU.Build.0 = Release|Any CPU
		{42DBAA66-3577-46F4-B0EC-51532B7694FC}.Release|x64.ActiveCfg = Release|Any CPU
		{42DBAA66-3577-46F4-B0EC-51532B7694FC}.Release|x64.Build.0 = Release|Any CPU
		{42DBAA66-3577-46F4-B0EC-51532B7694FC}.Release|x86.ActiveCfg = Release|Any CPU
		{42DBAA66-3577-46F4-B0EC-51532B7694FC}.Release|x86.Build.0 = Release|Any CPU
		{D6223FF9-12F8-4309-AC3D-69F300438FDC}.Debug|Any CPU.ActiveCfg = Debug|Any CPU
		{D6223FF9-12F8-4309-AC3D-69F300438FDC}.Debug|Any CPU.Build.0 = Debug|Any CPU
		{D6223FF9-12F8-4309-AC3D-69F300438FDC}.Debug|x64.ActiveCfg = Debug|Any CPU
		{D6223FF9-12F8-4309-AC3D-69F300438FDC}.Debug|x64.Build.0 = Debug|Any CPU
		{D6223FF9-12F8-4309-AC3D-69F300438FDC}.Debug|x86.ActiveCfg = Debug|Any CPU
		{D6223FF9-12F8-4309-AC3D-69F300438FDC}.Debug|x86.Build.0 = Debug|Any CPU
		{D6223FF9-12F8-4309-AC3D-69F300438FDC}.Release|Any CPU.ActiveCfg = Release|Any CPU
		{D6223FF9-12F8-4309-AC3D-69F300438FDC}.Release|Any CPU.Build.0 = Release|Any CPU
		{D6223FF9-12F8-4309-AC3D-69F300438FDC}.Release|x64.ActiveCfg = Release|Any CPU
		{D6223FF9-12F8-4309-AC3D-69F300438FDC}.Release|x64.Build.0 = Release|Any CPU
		{D6223FF9-12F8-4309-AC3D-69F300438FDC}.Release|x86.ActiveCfg = Release|Any CPU
		{D6223FF9-12F8-4309-AC3D-69F300438FDC}.Release|x86.Build.0 = Release|Any CPU
		{2A37DB07-E99E-4872-BE34-F2760B226CD5}.Debug|Any CPU.ActiveCfg = Debug|Any CPU
		{2A37DB07-E99E-4872-BE34-F2760B226CD5}.Debug|Any CPU.Build.0 = Debug|Any CPU
		{2A37DB07-E99E-4872-BE34-F2760B226CD5}.Debug|x64.ActiveCfg = Debug|Any CPU
		{2A37DB07-E99E-4872-BE34-F2760B226CD5}.Debug|x64.Build.0 = Debug|Any CPU
		{2A37DB07-E99E-4872-BE34-F2760B226CD5}.Debug|x86.ActiveCfg = Debug|Any CPU
		{2A37DB07-E99E-4872-BE34-F2760B226CD5}.Debug|x86.Build.0 = Debug|Any CPU
		{2A37DB07-E99E-4872-BE34-F2760B226CD5}.Release|Any CPU.ActiveCfg = Release|Any CPU
		{2A37DB07-E99E-4872-BE34-F2760B226CD5}.Release|Any CPU.Build.0 = Release|Any CPU
		{2A37DB07-E99E-4872-BE34-F2760B226CD5}.Release|x64.ActiveCfg = Release|Any CPU
		{2A37DB07-E99E-4872-BE34-F2760B226CD5}.Release|x64.Build.0 = Release|Any CPU
		{2A37DB07-E99E-4872-BE34-F2760B226CD5}.Release|x86.ActiveCfg = Release|Any CPU
		{2A37DB07-E99E-4872-BE34-F2760B226CD5}.Release|x86.Build.0 = Release|Any CPU
		{EB82C898-C925-44CF-99D3-CE5BD480F5CC}.Debug|Any CPU.ActiveCfg = Debug|Any CPU
		{EB82C898-C925-44CF-99D3-CE5BD480F5CC}.Debug|Any CPU.Build.0 = Debug|Any CPU
		{EB82C898-C925-44CF-99D3-CE5BD480F5CC}.Debug|x64.ActiveCfg = Debug|Any CPU
		{EB82C898-C925-44CF-99D3-CE5BD480F5CC}.Debug|x64.Build.0 = Debug|Any CPU
		{EB82C898-C925-44CF-99D3-CE5BD480F5CC}.Debug|x86.ActiveCfg = Debug|Any CPU
		{EB82C898-C925-44CF-99D3-CE5BD480F5CC}.Debug|x86.Build.0 = Debug|Any CPU
		{EB82C898-C925-44CF-99D3-CE5BD480F5CC}.Release|Any CPU.ActiveCfg = Release|Any CPU
		{EB82C898-C925-44CF-99D3-CE5BD480F5CC}.Release|Any CPU.Build.0 = Release|Any CPU
		{EB82C898-C925-44CF-99D3-CE5BD480F5CC}.Release|x64.ActiveCfg = Release|Any CPU
		{EB82C898-C925-44CF-99D3-CE5BD480F5CC}.Release|x64.Build.0 = Release|Any CPU
		{EB82C898-C925-44CF-99D3-CE5BD480F5CC}.Release|x86.ActiveCfg = Release|Any CPU
		{EB82C898-C925-44CF-99D3-CE5BD480F5CC}.Release|x86.Build.0 = Release|Any CPU
		{F0FEC324-FD3C-4A5C-8161-A5C6AD8BEF5B}.Debug|Any CPU.ActiveCfg = Debug|Any CPU
		{F0FEC324-FD3C-4A5C-8161-A5C6AD8BEF5B}.Debug|Any CPU.Build.0 = Debug|Any CPU
		{F0FEC324-FD3C-4A5C-8161-A5C6AD8BEF5B}.Debug|x64.ActiveCfg = Debug|Any CPU
		{F0FEC324-FD3C-4A5C-8161-A5C6AD8BEF5B}.Debug|x64.Build.0 = Debug|Any CPU
		{F0FEC324-FD3C-4A5C-8161-A5C6AD8BEF5B}.Debug|x86.ActiveCfg = Debug|Any CPU
		{F0FEC324-FD3C-4A5C-8161-A5C6AD8BEF5B}.Debug|x86.Build.0 = Debug|Any CPU
		{F0FEC324-FD3C-4A5C-8161-A5C6AD8BEF5B}.Release|Any CPU.ActiveCfg = Release|Any CPU
		{F0FEC324-FD3C-4A5C-8161-A5C6AD8BEF5B}.Release|Any CPU.Build.0 = Release|Any CPU
		{F0FEC324-FD3C-4A5C-8161-A5C6AD8BEF5B}.Release|x64.ActiveCfg = Release|Any CPU
		{F0FEC324-FD3C-4A5C-8161-A5C6AD8BEF5B}.Release|x64.Build.0 = Release|Any CPU
		{F0FEC324-FD3C-4A5C-8161-A5C6AD8BEF5B}.Release|x86.ActiveCfg = Release|Any CPU
		{F0FEC324-FD3C-4A5C-8161-A5C6AD8BEF5B}.Release|x86.Build.0 = Release|Any CPU
		{07ADBF55-0086-4BB9-9A0D-23E6D9801CF1}.Debug|Any CPU.ActiveCfg = Debug|Any CPU
		{07ADBF55-0086-4BB9-9A0D-23E6D9801CF1}.Debug|Any CPU.Build.0 = Debug|Any CPU
		{07ADBF55-0086-4BB9-9A0D-23E6D9801CF1}.Debug|x64.ActiveCfg = Debug|Any CPU
		{07ADBF55-0086-4BB9-9A0D-23E6D9801CF1}.Debug|x64.Build.0 = Debug|Any CPU
		{07ADBF55-0086-4BB9-9A0D-23E6D9801CF1}.Debug|x86.ActiveCfg = Debug|Any CPU
		{07ADBF55-0086-4BB9-9A0D-23E6D9801CF1}.Debug|x86.Build.0 = Debug|Any CPU
		{07ADBF55-0086-4BB9-9A0D-23E6D9801CF1}.Release|Any CPU.ActiveCfg = Release|Any CPU
		{07ADBF55-0086-4BB9-9A0D-23E6D9801CF1}.Release|Any CPU.Build.0 = Release|Any CPU
		{07ADBF55-0086-4BB9-9A0D-23E6D9801CF1}.Release|x64.ActiveCfg = Release|Any CPU
		{07ADBF55-0086-4BB9-9A0D-23E6D9801CF1}.Release|x64.Build.0 = Release|Any CPU
		{07ADBF55-0086-4BB9-9A0D-23E6D9801CF1}.Release|x86.ActiveCfg = Release|Any CPU
		{07ADBF55-0086-4BB9-9A0D-23E6D9801CF1}.Release|x86.Build.0 = Release|Any CPU
		{8F6410C2-C531-497F-A9F9-E92F226B9A8F}.Debug|Any CPU.ActiveCfg = Debug|Any CPU
		{8F6410C2-C531-497F-A9F9-E92F226B9A8F}.Debug|Any CPU.Build.0 = Debug|Any CPU
		{8F6410C2-C531-497F-A9F9-E92F226B9A8F}.Debug|x64.ActiveCfg = Debug|Any CPU
		{8F6410C2-C531-497F-A9F9-E92F226B9A8F}.Debug|x64.Build.0 = Debug|Any CPU
		{8F6410C2-C531-497F-A9F9-E92F226B9A8F}.Debug|x86.ActiveCfg = Debug|Any CPU
		{8F6410C2-C531-497F-A9F9-E92F226B9A8F}.Debug|x86.Build.0 = Debug|Any CPU
		{8F6410C2-C531-497F-A9F9-E92F226B9A8F}.Release|Any CPU.ActiveCfg = Release|Any CPU
		{8F6410C2-C531-497F-A9F9-E92F226B9A8F}.Release|Any CPU.Build.0 = Release|Any CPU
		{8F6410C2-C531-497F-A9F9-E92F226B9A8F}.Release|x64.ActiveCfg = Release|Any CPU
		{8F6410C2-C531-497F-A9F9-E92F226B9A8F}.Release|x64.Build.0 = Release|Any CPU
		{8F6410C2-C531-497F-A9F9-E92F226B9A8F}.Release|x86.ActiveCfg = Release|Any CPU
		{8F6410C2-C531-497F-A9F9-E92F226B9A8F}.Release|x86.Build.0 = Release|Any CPU
		{34388A65-87B6-4685-AF9C-B32D1D700A25}.Debug|Any CPU.ActiveCfg = Debug|Any CPU
		{34388A65-87B6-4685-AF9C-B32D1D700A25}.Debug|Any CPU.Build.0 = Debug|Any CPU
		{34388A65-87B6-4685-AF9C-B32D1D700A25}.Debug|x64.ActiveCfg = Debug|Any CPU
		{34388A65-87B6-4685-AF9C-B32D1D700A25}.Debug|x64.Build.0 = Debug|Any CPU
		{34388A65-87B6-4685-AF9C-B32D1D700A25}.Debug|x86.ActiveCfg = Debug|Any CPU
		{34388A65-87B6-4685-AF9C-B32D1D700A25}.Debug|x86.Build.0 = Debug|Any CPU
		{34388A65-87B6-4685-AF9C-B32D1D700A25}.Release|Any CPU.ActiveCfg = Release|Any CPU
		{34388A65-87B6-4685-AF9C-B32D1D700A25}.Release|Any CPU.Build.0 = Release|Any CPU
		{34388A65-87B6-4685-AF9C-B32D1D700A25}.Release|x64.ActiveCfg = Release|Any CPU
		{34388A65-87B6-4685-AF9C-B32D1D700A25}.Release|x64.Build.0 = Release|Any CPU
		{34388A65-87B6-4685-AF9C-B32D1D700A25}.Release|x86.ActiveCfg = Release|Any CPU
		{34388A65-87B6-4685-AF9C-B32D1D700A25}.Release|x86.Build.0 = Release|Any CPU
		{9C35B49E-8F2E-4177-B006-D6A31BEDED03}.Debug|Any CPU.ActiveCfg = Debug|Any CPU
		{9C35B49E-8F2E-4177-B006-D6A31BEDED03}.Debug|Any CPU.Build.0 = Debug|Any CPU
		{9C35B49E-8F2E-4177-B006-D6A31BEDED03}.Debug|x64.ActiveCfg = Debug|Any CPU
		{9C35B49E-8F2E-4177-B006-D6A31BEDED03}.Debug|x64.Build.0 = Debug|Any CPU
		{9C35B49E-8F2E-4177-B006-D6A31BEDED03}.Debug|x86.ActiveCfg = Debug|Any CPU
		{9C35B49E-8F2E-4177-B006-D6A31BEDED03}.Debug|x86.Build.0 = Debug|Any CPU
		{9C35B49E-8F2E-4177-B006-D6A31BEDED03}.Release|Any CPU.ActiveCfg = Release|Any CPU
		{9C35B49E-8F2E-4177-B006-D6A31BEDED03}.Release|Any CPU.Build.0 = Release|Any CPU
		{9C35B49E-8F2E-4177-B006-D6A31BEDED03}.Release|x64.ActiveCfg = Release|Any CPU
		{9C35B49E-8F2E-4177-B006-D6A31BEDED03}.Release|x64.Build.0 = Release|Any CPU
		{9C35B49E-8F2E-4177-B006-D6A31BEDED03}.Release|x86.ActiveCfg = Release|Any CPU
		{9C35B49E-8F2E-4177-B006-D6A31BEDED03}.Release|x86.Build.0 = Release|Any CPU
		{06AC94E0-0E00-4474-B692-61A97AD206FD}.Debug|Any CPU.ActiveCfg = Debug|Any CPU
		{06AC94E0-0E00-4474-B692-61A97AD206FD}.Debug|Any CPU.Build.0 = Debug|Any CPU
		{06AC94E0-0E00-4474-B692-61A97AD206FD}.Debug|x64.ActiveCfg = Debug|Any CPU
		{06AC94E0-0E00-4474-B692-61A97AD206FD}.Debug|x64.Build.0 = Debug|Any CPU
		{06AC94E0-0E00-4474-B692-61A97AD206FD}.Debug|x86.ActiveCfg = Debug|Any CPU
		{06AC94E0-0E00-4474-B692-61A97AD206FD}.Debug|x86.Build.0 = Debug|Any CPU
		{06AC94E0-0E00-4474-B692-61A97AD206FD}.Release|Any CPU.ActiveCfg = Release|Any CPU
		{06AC94E0-0E00-4474-B692-61A97AD206FD}.Release|Any CPU.Build.0 = Release|Any CPU
		{06AC94E0-0E00-4474-B692-61A97AD206FD}.Release|x64.ActiveCfg = Release|Any CPU
		{06AC94E0-0E00-4474-B692-61A97AD206FD}.Release|x64.Build.0 = Release|Any CPU
		{06AC94E0-0E00-4474-B692-61A97AD206FD}.Release|x86.ActiveCfg = Release|Any CPU
		{06AC94E0-0E00-4474-B692-61A97AD206FD}.Release|x86.Build.0 = Release|Any CPU
		{C6A5EB27-253E-452F-BFBA-8C46DA6D81A5}.Debug|Any CPU.ActiveCfg = Debug|Any CPU
		{C6A5EB27-253E-452F-BFBA-8C46DA6D81A5}.Debug|Any CPU.Build.0 = Debug|Any CPU
		{C6A5EB27-253E-452F-BFBA-8C46DA6D81A5}.Debug|x64.ActiveCfg = Debug|Any CPU
		{C6A5EB27-253E-452F-BFBA-8C46DA6D81A5}.Debug|x64.Build.0 = Debug|Any CPU
		{C6A5EB27-253E-452F-BFBA-8C46DA6D81A5}.Debug|x86.ActiveCfg = Debug|Any CPU
		{C6A5EB27-253E-452F-BFBA-8C46DA6D81A5}.Debug|x86.Build.0 = Debug|Any CPU
		{C6A5EB27-253E-452F-BFBA-8C46DA6D81A5}.Release|Any CPU.ActiveCfg = Release|Any CPU
		{C6A5EB27-253E-452F-BFBA-8C46DA6D81A5}.Release|Any CPU.Build.0 = Release|Any CPU
		{C6A5EB27-253E-452F-BFBA-8C46DA6D81A5}.Release|x64.ActiveCfg = Release|Any CPU
		{C6A5EB27-253E-452F-BFBA-8C46DA6D81A5}.Release|x64.Build.0 = Release|Any CPU
		{C6A5EB27-253E-452F-BFBA-8C46DA6D81A5}.Release|x86.ActiveCfg = Release|Any CPU
		{C6A5EB27-253E-452F-BFBA-8C46DA6D81A5}.Release|x86.Build.0 = Release|Any CPU
		{1904EA46-ADBC-486C-9012-51F530174BE4}.Debug|Any CPU.ActiveCfg = Debug|Any CPU
		{1904EA46-ADBC-486C-9012-51F530174BE4}.Debug|Any CPU.Build.0 = Debug|Any CPU
		{1904EA46-ADBC-486C-9012-51F530174BE4}.Debug|x64.ActiveCfg = Debug|Any CPU
		{1904EA46-ADBC-486C-9012-51F530174BE4}.Debug|x64.Build.0 = Debug|Any CPU
		{1904EA46-ADBC-486C-9012-51F530174BE4}.Debug|x86.ActiveCfg = Debug|Any CPU
		{1904EA46-ADBC-486C-9012-51F530174BE4}.Debug|x86.Build.0 = Debug|Any CPU
		{1904EA46-ADBC-486C-9012-51F530174BE4}.Release|Any CPU.ActiveCfg = Release|Any CPU
		{1904EA46-ADBC-486C-9012-51F530174BE4}.Release|Any CPU.Build.0 = Release|Any CPU
		{1904EA46-ADBC-486C-9012-51F530174BE4}.Release|x64.ActiveCfg = Release|Any CPU
		{1904EA46-ADBC-486C-9012-51F530174BE4}.Release|x64.Build.0 = Release|Any CPU
		{1904EA46-ADBC-486C-9012-51F530174BE4}.Release|x86.ActiveCfg = Release|Any CPU
		{1904EA46-ADBC-486C-9012-51F530174BE4}.Release|x86.Build.0 = Release|Any CPU
		{E56FABE7-8FAB-47AA-B7A4-7C0BE5044197}.Debug|Any CPU.ActiveCfg = Debug|Any CPU
		{E56FABE7-8FAB-47AA-B7A4-7C0BE5044197}.Debug|Any CPU.Build.0 = Debug|Any CPU
		{E56FABE7-8FAB-47AA-B7A4-7C0BE5044197}.Debug|x64.ActiveCfg = Debug|Any CPU
		{E56FABE7-8FAB-47AA-B7A4-7C0BE5044197}.Debug|x64.Build.0 = Debug|Any CPU
		{E56FABE7-8FAB-47AA-B7A4-7C0BE5044197}.Debug|x86.ActiveCfg = Debug|Any CPU
		{E56FABE7-8FAB-47AA-B7A4-7C0BE5044197}.Debug|x86.Build.0 = Debug|Any CPU
		{E56FABE7-8FAB-47AA-B7A4-7C0BE5044197}.Release|Any CPU.ActiveCfg = Release|Any CPU
		{E56FABE7-8FAB-47AA-B7A4-7C0BE5044197}.Release|Any CPU.Build.0 = Release|Any CPU
		{E56FABE7-8FAB-47AA-B7A4-7C0BE5044197}.Release|x64.ActiveCfg = Release|Any CPU
		{E56FABE7-8FAB-47AA-B7A4-7C0BE5044197}.Release|x64.Build.0 = Release|Any CPU
		{E56FABE7-8FAB-47AA-B7A4-7C0BE5044197}.Release|x86.ActiveCfg = Release|Any CPU
		{E56FABE7-8FAB-47AA-B7A4-7C0BE5044197}.Release|x86.Build.0 = Release|Any CPU
		{89596F16-C108-4863-893E-8C0B35C9E3CE}.Debug|Any CPU.ActiveCfg = Debug|Any CPU
		{89596F16-C108-4863-893E-8C0B35C9E3CE}.Debug|Any CPU.Build.0 = Debug|Any CPU
		{89596F16-C108-4863-893E-8C0B35C9E3CE}.Debug|x64.ActiveCfg = Debug|Any CPU
		{89596F16-C108-4863-893E-8C0B35C9E3CE}.Debug|x64.Build.0 = Debug|Any CPU
		{89596F16-C108-4863-893E-8C0B35C9E3CE}.Debug|x86.ActiveCfg = Debug|Any CPU
		{89596F16-C108-4863-893E-8C0B35C9E3CE}.Debug|x86.Build.0 = Debug|Any CPU
		{89596F16-C108-4863-893E-8C0B35C9E3CE}.Release|Any CPU.ActiveCfg = Release|Any CPU
		{89596F16-C108-4863-893E-8C0B35C9E3CE}.Release|Any CPU.Build.0 = Release|Any CPU
		{89596F16-C108-4863-893E-8C0B35C9E3CE}.Release|x64.ActiveCfg = Release|Any CPU
		{89596F16-C108-4863-893E-8C0B35C9E3CE}.Release|x64.Build.0 = Release|Any CPU
		{89596F16-C108-4863-893E-8C0B35C9E3CE}.Release|x86.ActiveCfg = Release|Any CPU
		{89596F16-C108-4863-893E-8C0B35C9E3CE}.Release|x86.Build.0 = Release|Any CPU
		{924531F2-8FAC-4C38-952C-5F0EEA40C873}.Debug|Any CPU.ActiveCfg = Debug|Any CPU
		{924531F2-8FAC-4C38-952C-5F0EEA40C873}.Debug|Any CPU.Build.0 = Debug|Any CPU
		{924531F2-8FAC-4C38-952C-5F0EEA40C873}.Debug|x64.ActiveCfg = Debug|Any CPU
		{924531F2-8FAC-4C38-952C-5F0EEA40C873}.Debug|x64.Build.0 = Debug|Any CPU
		{924531F2-8FAC-4C38-952C-5F0EEA40C873}.Debug|x86.ActiveCfg = Debug|Any CPU
		{924531F2-8FAC-4C38-952C-5F0EEA40C873}.Debug|x86.Build.0 = Debug|Any CPU
		{924531F2-8FAC-4C38-952C-5F0EEA40C873}.Release|Any CPU.ActiveCfg = Release|Any CPU
		{924531F2-8FAC-4C38-952C-5F0EEA40C873}.Release|Any CPU.Build.0 = Release|Any CPU
		{924531F2-8FAC-4C38-952C-5F0EEA40C873}.Release|x64.ActiveCfg = Release|Any CPU
		{924531F2-8FAC-4C38-952C-5F0EEA40C873}.Release|x64.Build.0 = Release|Any CPU
		{924531F2-8FAC-4C38-952C-5F0EEA40C873}.Release|x86.ActiveCfg = Release|Any CPU
		{924531F2-8FAC-4C38-952C-5F0EEA40C873}.Release|x86.Build.0 = Release|Any CPU
		{BC916A19-50E1-410E-A29B-F5EA15D1B82F}.Debug|Any CPU.ActiveCfg = Debug|Any CPU
		{BC916A19-50E1-410E-A29B-F5EA15D1B82F}.Debug|Any CPU.Build.0 = Debug|Any CPU
		{BC916A19-50E1-410E-A29B-F5EA15D1B82F}.Debug|x64.ActiveCfg = Debug|Any CPU
		{BC916A19-50E1-410E-A29B-F5EA15D1B82F}.Debug|x64.Build.0 = Debug|Any CPU
		{BC916A19-50E1-410E-A29B-F5EA15D1B82F}.Debug|x86.ActiveCfg = Debug|Any CPU
		{BC916A19-50E1-410E-A29B-F5EA15D1B82F}.Debug|x86.Build.0 = Debug|Any CPU
		{BC916A19-50E1-410E-A29B-F5EA15D1B82F}.Release|Any CPU.ActiveCfg = Release|Any CPU
		{BC916A19-50E1-410E-A29B-F5EA15D1B82F}.Release|Any CPU.Build.0 = Release|Any CPU
		{BC916A19-50E1-410E-A29B-F5EA15D1B82F}.Release|x64.ActiveCfg = Release|Any CPU
		{BC916A19-50E1-410E-A29B-F5EA15D1B82F}.Release|x64.Build.0 = Release|Any CPU
		{BC916A19-50E1-410E-A29B-F5EA15D1B82F}.Release|x86.ActiveCfg = Release|Any CPU
		{BC916A19-50E1-410E-A29B-F5EA15D1B82F}.Release|x86.Build.0 = Release|Any CPU
		{A7E0BA09-A5D2-4295-A64E-1FFE2965B594}.Debug|Any CPU.ActiveCfg = Debug|Any CPU
		{A7E0BA09-A5D2-4295-A64E-1FFE2965B594}.Debug|Any CPU.Build.0 = Debug|Any CPU
		{A7E0BA09-A5D2-4295-A64E-1FFE2965B594}.Debug|x64.ActiveCfg = Debug|Any CPU
		{A7E0BA09-A5D2-4295-A64E-1FFE2965B594}.Debug|x64.Build.0 = Debug|Any CPU
		{A7E0BA09-A5D2-4295-A64E-1FFE2965B594}.Debug|x86.ActiveCfg = Debug|Any CPU
		{A7E0BA09-A5D2-4295-A64E-1FFE2965B594}.Debug|x86.Build.0 = Debug|Any CPU
		{A7E0BA09-A5D2-4295-A64E-1FFE2965B594}.Release|Any CPU.ActiveCfg = Release|Any CPU
		{A7E0BA09-A5D2-4295-A64E-1FFE2965B594}.Release|Any CPU.Build.0 = Release|Any CPU
		{A7E0BA09-A5D2-4295-A64E-1FFE2965B594}.Release|x64.ActiveCfg = Release|Any CPU
		{A7E0BA09-A5D2-4295-A64E-1FFE2965B594}.Release|x64.Build.0 = Release|Any CPU
		{A7E0BA09-A5D2-4295-A64E-1FFE2965B594}.Release|x86.ActiveCfg = Release|Any CPU
		{A7E0BA09-A5D2-4295-A64E-1FFE2965B594}.Release|x86.Build.0 = Release|Any CPU
		{CF5E2F3E-C839-4300-A19A-1DCD4D334571}.Debug|Any CPU.ActiveCfg = Debug|Any CPU
		{CF5E2F3E-C839-4300-A19A-1DCD4D334571}.Debug|Any CPU.Build.0 = Debug|Any CPU
		{CF5E2F3E-C839-4300-A19A-1DCD4D334571}.Debug|x64.ActiveCfg = Debug|Any CPU
		{CF5E2F3E-C839-4300-A19A-1DCD4D334571}.Debug|x64.Build.0 = Debug|Any CPU
		{CF5E2F3E-C839-4300-A19A-1DCD4D334571}.Debug|x86.ActiveCfg = Debug|Any CPU
		{CF5E2F3E-C839-4300-A19A-1DCD4D334571}.Debug|x86.Build.0 = Debug|Any CPU
		{CF5E2F3E-C839-4300-A19A-1DCD4D334571}.Release|Any CPU.ActiveCfg = Release|Any CPU
		{CF5E2F3E-C839-4300-A19A-1DCD4D334571}.Release|Any CPU.Build.0 = Release|Any CPU
		{CF5E2F3E-C839-4300-A19A-1DCD4D334571}.Release|x64.ActiveCfg = Release|Any CPU
		{CF5E2F3E-C839-4300-A19A-1DCD4D334571}.Release|x64.Build.0 = Release|Any CPU
		{CF5E2F3E-C839-4300-A19A-1DCD4D334571}.Release|x86.ActiveCfg = Release|Any CPU
		{CF5E2F3E-C839-4300-A19A-1DCD4D334571}.Release|x86.Build.0 = Release|Any CPU
		{943BB1E3-A761-484D-B4F6-C5ABCB034902}.Debug|Any CPU.ActiveCfg = Debug|Any CPU
		{943BB1E3-A761-484D-B4F6-C5ABCB034902}.Debug|Any CPU.Build.0 = Debug|Any CPU
		{943BB1E3-A761-484D-B4F6-C5ABCB034902}.Debug|x64.ActiveCfg = Debug|Any CPU
		{943BB1E3-A761-484D-B4F6-C5ABCB034902}.Debug|x64.Build.0 = Debug|Any CPU
		{943BB1E3-A761-484D-B4F6-C5ABCB034902}.Debug|x86.ActiveCfg = Debug|Any CPU
		{943BB1E3-A761-484D-B4F6-C5ABCB034902}.Debug|x86.Build.0 = Debug|Any CPU
		{943BB1E3-A761-484D-B4F6-C5ABCB034902}.Release|Any CPU.ActiveCfg = Release|Any CPU
		{943BB1E3-A761-484D-B4F6-C5ABCB034902}.Release|Any CPU.Build.0 = Release|Any CPU
		{943BB1E3-A761-484D-B4F6-C5ABCB034902}.Release|x64.ActiveCfg = Release|Any CPU
		{943BB1E3-A761-484D-B4F6-C5ABCB034902}.Release|x64.Build.0 = Release|Any CPU
		{943BB1E3-A761-484D-B4F6-C5ABCB034902}.Release|x86.ActiveCfg = Release|Any CPU
		{943BB1E3-A761-484D-B4F6-C5ABCB034902}.Release|x86.Build.0 = Release|Any CPU
		{02AB45A4-E2FD-43DB-9B90-8244B0CE1843}.Debug|Any CPU.ActiveCfg = Debug|Any CPU
		{02AB45A4-E2FD-43DB-9B90-8244B0CE1843}.Debug|Any CPU.Build.0 = Debug|Any CPU
		{02AB45A4-E2FD-43DB-9B90-8244B0CE1843}.Debug|x64.ActiveCfg = Debug|Any CPU
		{02AB45A4-E2FD-43DB-9B90-8244B0CE1843}.Debug|x64.Build.0 = Debug|Any CPU
		{02AB45A4-E2FD-43DB-9B90-8244B0CE1843}.Debug|x86.ActiveCfg = Debug|Any CPU
		{02AB45A4-E2FD-43DB-9B90-8244B0CE1843}.Debug|x86.Build.0 = Debug|Any CPU
		{02AB45A4-E2FD-43DB-9B90-8244B0CE1843}.Release|Any CPU.ActiveCfg = Release|Any CPU
		{02AB45A4-E2FD-43DB-9B90-8244B0CE1843}.Release|Any CPU.Build.0 = Release|Any CPU
		{02AB45A4-E2FD-43DB-9B90-8244B0CE1843}.Release|x64.ActiveCfg = Release|Any CPU
		{02AB45A4-E2FD-43DB-9B90-8244B0CE1843}.Release|x64.Build.0 = Release|Any CPU
		{02AB45A4-E2FD-43DB-9B90-8244B0CE1843}.Release|x86.ActiveCfg = Release|Any CPU
		{02AB45A4-E2FD-43DB-9B90-8244B0CE1843}.Release|x86.Build.0 = Release|Any CPU
		{E34B16F5-3018-41D9-8248-03E94E46AFFF}.Debug|Any CPU.ActiveCfg = Debug|Any CPU
		{E34B16F5-3018-41D9-8248-03E94E46AFFF}.Debug|Any CPU.Build.0 = Debug|Any CPU
		{E34B16F5-3018-41D9-8248-03E94E46AFFF}.Debug|x64.ActiveCfg = Debug|Any CPU
		{E34B16F5-3018-41D9-8248-03E94E46AFFF}.Debug|x64.Build.0 = Debug|Any CPU
		{E34B16F5-3018-41D9-8248-03E94E46AFFF}.Debug|x86.ActiveCfg = Debug|Any CPU
		{E34B16F5-3018-41D9-8248-03E94E46AFFF}.Debug|x86.Build.0 = Debug|Any CPU
		{E34B16F5-3018-41D9-8248-03E94E46AFFF}.Release|Any CPU.ActiveCfg = Release|Any CPU
		{E34B16F5-3018-41D9-8248-03E94E46AFFF}.Release|Any CPU.Build.0 = Release|Any CPU
		{E34B16F5-3018-41D9-8248-03E94E46AFFF}.Release|x64.ActiveCfg = Release|Any CPU
		{E34B16F5-3018-41D9-8248-03E94E46AFFF}.Release|x64.Build.0 = Release|Any CPU
		{E34B16F5-3018-41D9-8248-03E94E46AFFF}.Release|x86.ActiveCfg = Release|Any CPU
		{E34B16F5-3018-41D9-8248-03E94E46AFFF}.Release|x86.Build.0 = Release|Any CPU
		{1BC14D81-2875-4784-AD9E-32BC407E8E7E}.Debug|Any CPU.ActiveCfg = Debug|Any CPU
		{1BC14D81-2875-4784-AD9E-32BC407E8E7E}.Debug|Any CPU.Build.0 = Debug|Any CPU
		{1BC14D81-2875-4784-AD9E-32BC407E8E7E}.Debug|x64.ActiveCfg = Debug|Any CPU
		{1BC14D81-2875-4784-AD9E-32BC407E8E7E}.Debug|x64.Build.0 = Debug|Any CPU
		{1BC14D81-2875-4784-AD9E-32BC407E8E7E}.Debug|x86.ActiveCfg = Debug|Any CPU
		{1BC14D81-2875-4784-AD9E-32BC407E8E7E}.Debug|x86.Build.0 = Debug|Any CPU
		{1BC14D81-2875-4784-AD9E-32BC407E8E7E}.Release|Any CPU.ActiveCfg = Release|Any CPU
		{1BC14D81-2875-4784-AD9E-32BC407E8E7E}.Release|Any CPU.Build.0 = Release|Any CPU
		{1BC14D81-2875-4784-AD9E-32BC407E8E7E}.Release|x64.ActiveCfg = Release|Any CPU
		{1BC14D81-2875-4784-AD9E-32BC407E8E7E}.Release|x64.Build.0 = Release|Any CPU
		{1BC14D81-2875-4784-AD9E-32BC407E8E7E}.Release|x86.ActiveCfg = Release|Any CPU
		{1BC14D81-2875-4784-AD9E-32BC407E8E7E}.Release|x86.Build.0 = Release|Any CPU
		{929D2C99-A415-47C1-85E8-C987591D97E6}.Debug|Any CPU.ActiveCfg = Debug|Any CPU
		{929D2C99-A415-47C1-85E8-C987591D97E6}.Debug|Any CPU.Build.0 = Debug|Any CPU
		{929D2C99-A415-47C1-85E8-C987591D97E6}.Debug|x64.ActiveCfg = Debug|Any CPU
		{929D2C99-A415-47C1-85E8-C987591D97E6}.Debug|x64.Build.0 = Debug|Any CPU
		{929D2C99-A415-47C1-85E8-C987591D97E6}.Debug|x86.ActiveCfg = Debug|Any CPU
		{929D2C99-A415-47C1-85E8-C987591D97E6}.Debug|x86.Build.0 = Debug|Any CPU
		{929D2C99-A415-47C1-85E8-C987591D97E6}.Release|Any CPU.ActiveCfg = Release|Any CPU
		{929D2C99-A415-47C1-85E8-C987591D97E6}.Release|Any CPU.Build.0 = Release|Any CPU
		{929D2C99-A415-47C1-85E8-C987591D97E6}.Release|x64.ActiveCfg = Release|Any CPU
		{929D2C99-A415-47C1-85E8-C987591D97E6}.Release|x64.Build.0 = Release|Any CPU
		{929D2C99-A415-47C1-85E8-C987591D97E6}.Release|x86.ActiveCfg = Release|Any CPU
		{929D2C99-A415-47C1-85E8-C987591D97E6}.Release|x86.Build.0 = Release|Any CPU
		{6829F9CA-CCBC-4E2F-B330-4C787EEE20C5}.Debug|Any CPU.ActiveCfg = Debug|Any CPU
		{6829F9CA-CCBC-4E2F-B330-4C787EEE20C5}.Debug|Any CPU.Build.0 = Debug|Any CPU
		{6829F9CA-CCBC-4E2F-B330-4C787EEE20C5}.Debug|x64.ActiveCfg = Debug|Any CPU
		{6829F9CA-CCBC-4E2F-B330-4C787EEE20C5}.Debug|x64.Build.0 = Debug|Any CPU
		{6829F9CA-CCBC-4E2F-B330-4C787EEE20C5}.Debug|x86.ActiveCfg = Debug|Any CPU
		{6829F9CA-CCBC-4E2F-B330-4C787EEE20C5}.Debug|x86.Build.0 = Debug|Any CPU
		{6829F9CA-CCBC-4E2F-B330-4C787EEE20C5}.Release|Any CPU.ActiveCfg = Release|Any CPU
		{6829F9CA-CCBC-4E2F-B330-4C787EEE20C5}.Release|Any CPU.Build.0 = Release|Any CPU
		{6829F9CA-CCBC-4E2F-B330-4C787EEE20C5}.Release|x64.ActiveCfg = Release|Any CPU
		{6829F9CA-CCBC-4E2F-B330-4C787EEE20C5}.Release|x64.Build.0 = Release|Any CPU
		{6829F9CA-CCBC-4E2F-B330-4C787EEE20C5}.Release|x86.ActiveCfg = Release|Any CPU
		{6829F9CA-CCBC-4E2F-B330-4C787EEE20C5}.Release|x86.Build.0 = Release|Any CPU
		{D5E6D1A7-CAF6-444A-B6BA-B72599615331}.Debug|Any CPU.ActiveCfg = Debug|Any CPU
		{D5E6D1A7-CAF6-444A-B6BA-B72599615331}.Debug|Any CPU.Build.0 = Debug|Any CPU
		{D5E6D1A7-CAF6-444A-B6BA-B72599615331}.Debug|x64.ActiveCfg = Debug|Any CPU
		{D5E6D1A7-CAF6-444A-B6BA-B72599615331}.Debug|x64.Build.0 = Debug|Any CPU
		{D5E6D1A7-CAF6-444A-B6BA-B72599615331}.Debug|x86.ActiveCfg = Debug|Any CPU
		{D5E6D1A7-CAF6-444A-B6BA-B72599615331}.Debug|x86.Build.0 = Debug|Any CPU
		{D5E6D1A7-CAF6-444A-B6BA-B72599615331}.Release|Any CPU.ActiveCfg = Release|Any CPU
		{D5E6D1A7-CAF6-444A-B6BA-B72599615331}.Release|Any CPU.Build.0 = Release|Any CPU
		{D5E6D1A7-CAF6-444A-B6BA-B72599615331}.Release|x64.ActiveCfg = Release|Any CPU
		{D5E6D1A7-CAF6-444A-B6BA-B72599615331}.Release|x64.Build.0 = Release|Any CPU
		{D5E6D1A7-CAF6-444A-B6BA-B72599615331}.Release|x86.ActiveCfg = Release|Any CPU
		{D5E6D1A7-CAF6-444A-B6BA-B72599615331}.Release|x86.Build.0 = Release|Any CPU
		{4D5884AB-0F3E-4445-AD7E-C40835912BA4}.Debug|Any CPU.ActiveCfg = Debug|Any CPU
		{4D5884AB-0F3E-4445-AD7E-C40835912BA4}.Debug|Any CPU.Build.0 = Debug|Any CPU
		{4D5884AB-0F3E-4445-AD7E-C40835912BA4}.Debug|x64.ActiveCfg = Debug|Any CPU
		{4D5884AB-0F3E-4445-AD7E-C40835912BA4}.Debug|x64.Build.0 = Debug|Any CPU
		{4D5884AB-0F3E-4445-AD7E-C40835912BA4}.Debug|x86.ActiveCfg = Debug|Any CPU
		{4D5884AB-0F3E-4445-AD7E-C40835912BA4}.Debug|x86.Build.0 = Debug|Any CPU
		{4D5884AB-0F3E-4445-AD7E-C40835912BA4}.Release|Any CPU.ActiveCfg = Release|Any CPU
		{4D5884AB-0F3E-4445-AD7E-C40835912BA4}.Release|Any CPU.Build.0 = Release|Any CPU
		{4D5884AB-0F3E-4445-AD7E-C40835912BA4}.Release|x64.ActiveCfg = Release|Any CPU
		{4D5884AB-0F3E-4445-AD7E-C40835912BA4}.Release|x64.Build.0 = Release|Any CPU
		{4D5884AB-0F3E-4445-AD7E-C40835912BA4}.Release|x86.ActiveCfg = Release|Any CPU
		{4D5884AB-0F3E-4445-AD7E-C40835912BA4}.Release|x86.Build.0 = Release|Any CPU
		{72F1515B-850B-4CFF-B92E-85056CBE5C72}.Debug|Any CPU.ActiveCfg = Debug|Any CPU
		{72F1515B-850B-4CFF-B92E-85056CBE5C72}.Debug|Any CPU.Build.0 = Debug|Any CPU
		{72F1515B-850B-4CFF-B92E-85056CBE5C72}.Debug|x64.ActiveCfg = Debug|Any CPU
		{72F1515B-850B-4CFF-B92E-85056CBE5C72}.Debug|x64.Build.0 = Debug|Any CPU
		{72F1515B-850B-4CFF-B92E-85056CBE5C72}.Debug|x86.ActiveCfg = Debug|Any CPU
		{72F1515B-850B-4CFF-B92E-85056CBE5C72}.Debug|x86.Build.0 = Debug|Any CPU
		{72F1515B-850B-4CFF-B92E-85056CBE5C72}.Release|Any CPU.ActiveCfg = Release|Any CPU
		{72F1515B-850B-4CFF-B92E-85056CBE5C72}.Release|Any CPU.Build.0 = Release|Any CPU
		{72F1515B-850B-4CFF-B92E-85056CBE5C72}.Release|x64.ActiveCfg = Release|Any CPU
		{72F1515B-850B-4CFF-B92E-85056CBE5C72}.Release|x64.Build.0 = Release|Any CPU
		{72F1515B-850B-4CFF-B92E-85056CBE5C72}.Release|x86.ActiveCfg = Release|Any CPU
		{72F1515B-850B-4CFF-B92E-85056CBE5C72}.Release|x86.Build.0 = Release|Any CPU
		{BD9BCD69-9630-43C6-A445-CEE52D07D8FD}.Debug|Any CPU.ActiveCfg = Debug|Any CPU
		{BD9BCD69-9630-43C6-A445-CEE52D07D8FD}.Debug|Any CPU.Build.0 = Debug|Any CPU
		{BD9BCD69-9630-43C6-A445-CEE52D07D8FD}.Debug|x64.ActiveCfg = Debug|Any CPU
		{BD9BCD69-9630-43C6-A445-CEE52D07D8FD}.Debug|x64.Build.0 = Debug|Any CPU
		{BD9BCD69-9630-43C6-A445-CEE52D07D8FD}.Debug|x86.ActiveCfg = Debug|Any CPU
		{BD9BCD69-9630-43C6-A445-CEE52D07D8FD}.Debug|x86.Build.0 = Debug|Any CPU
		{BD9BCD69-9630-43C6-A445-CEE52D07D8FD}.Release|Any CPU.ActiveCfg = Release|Any CPU
		{BD9BCD69-9630-43C6-A445-CEE52D07D8FD}.Release|Any CPU.Build.0 = Release|Any CPU
		{BD9BCD69-9630-43C6-A445-CEE52D07D8FD}.Release|x64.ActiveCfg = Release|Any CPU
		{BD9BCD69-9630-43C6-A445-CEE52D07D8FD}.Release|x64.Build.0 = Release|Any CPU
		{BD9BCD69-9630-43C6-A445-CEE52D07D8FD}.Release|x86.ActiveCfg = Release|Any CPU
		{BD9BCD69-9630-43C6-A445-CEE52D07D8FD}.Release|x86.Build.0 = Release|Any CPU
		{DE7B0B76-713A-4BE1-BA88-9B7AFE46DEEB}.Debug|Any CPU.ActiveCfg = Debug|Any CPU
		{DE7B0B76-713A-4BE1-BA88-9B7AFE46DEEB}.Debug|Any CPU.Build.0 = Debug|Any CPU
		{DE7B0B76-713A-4BE1-BA88-9B7AFE46DEEB}.Debug|x64.ActiveCfg = Debug|Any CPU
		{DE7B0B76-713A-4BE1-BA88-9B7AFE46DEEB}.Debug|x64.Build.0 = Debug|Any CPU
		{DE7B0B76-713A-4BE1-BA88-9B7AFE46DEEB}.Debug|x86.ActiveCfg = Debug|Any CPU
		{DE7B0B76-713A-4BE1-BA88-9B7AFE46DEEB}.Debug|x86.Build.0 = Debug|Any CPU
		{DE7B0B76-713A-4BE1-BA88-9B7AFE46DEEB}.Release|Any CPU.ActiveCfg = Release|Any CPU
		{DE7B0B76-713A-4BE1-BA88-9B7AFE46DEEB}.Release|Any CPU.Build.0 = Release|Any CPU
		{DE7B0B76-713A-4BE1-BA88-9B7AFE46DEEB}.Release|x64.ActiveCfg = Release|Any CPU
		{DE7B0B76-713A-4BE1-BA88-9B7AFE46DEEB}.Release|x64.Build.0 = Release|Any CPU
		{DE7B0B76-713A-4BE1-BA88-9B7AFE46DEEB}.Release|x86.ActiveCfg = Release|Any CPU
		{DE7B0B76-713A-4BE1-BA88-9B7AFE46DEEB}.Release|x86.Build.0 = Release|Any CPU
		{24E3B47B-A638-497C-BC82-6D4D84E1BD19}.Debug|Any CPU.ActiveCfg = Debug|Any CPU
		{24E3B47B-A638-497C-BC82-6D4D84E1BD19}.Debug|Any CPU.Build.0 = Debug|Any CPU
		{24E3B47B-A638-497C-BC82-6D4D84E1BD19}.Debug|x64.ActiveCfg = Debug|Any CPU
		{24E3B47B-A638-497C-BC82-6D4D84E1BD19}.Debug|x64.Build.0 = Debug|Any CPU
		{24E3B47B-A638-497C-BC82-6D4D84E1BD19}.Debug|x86.ActiveCfg = Debug|Any CPU
		{24E3B47B-A638-497C-BC82-6D4D84E1BD19}.Debug|x86.Build.0 = Debug|Any CPU
		{24E3B47B-A638-497C-BC82-6D4D84E1BD19}.Release|Any CPU.ActiveCfg = Release|Any CPU
		{24E3B47B-A638-497C-BC82-6D4D84E1BD19}.Release|Any CPU.Build.0 = Release|Any CPU
		{24E3B47B-A638-497C-BC82-6D4D84E1BD19}.Release|x64.ActiveCfg = Release|Any CPU
		{24E3B47B-A638-497C-BC82-6D4D84E1BD19}.Release|x64.Build.0 = Release|Any CPU
		{24E3B47B-A638-497C-BC82-6D4D84E1BD19}.Release|x86.ActiveCfg = Release|Any CPU
		{24E3B47B-A638-497C-BC82-6D4D84E1BD19}.Release|x86.Build.0 = Release|Any CPU
		{C97E2D0C-E0F4-4F37-82D8-672E192CC5CD}.Debug|Any CPU.ActiveCfg = Debug|Any CPU
		{C97E2D0C-E0F4-4F37-82D8-672E192CC5CD}.Debug|Any CPU.Build.0 = Debug|Any CPU
		{C97E2D0C-E0F4-4F37-82D8-672E192CC5CD}.Debug|x64.ActiveCfg = Debug|Any CPU
		{C97E2D0C-E0F4-4F37-82D8-672E192CC5CD}.Debug|x64.Build.0 = Debug|Any CPU
		{C97E2D0C-E0F4-4F37-82D8-672E192CC5CD}.Debug|x86.ActiveCfg = Debug|Any CPU
		{C97E2D0C-E0F4-4F37-82D8-672E192CC5CD}.Debug|x86.Build.0 = Debug|Any CPU
		{C97E2D0C-E0F4-4F37-82D8-672E192CC5CD}.Release|Any CPU.ActiveCfg = Release|Any CPU
		{C97E2D0C-E0F4-4F37-82D8-672E192CC5CD}.Release|Any CPU.Build.0 = Release|Any CPU
		{C97E2D0C-E0F4-4F37-82D8-672E192CC5CD}.Release|x64.ActiveCfg = Release|Any CPU
		{C97E2D0C-E0F4-4F37-82D8-672E192CC5CD}.Release|x64.Build.0 = Release|Any CPU
		{C97E2D0C-E0F4-4F37-82D8-672E192CC5CD}.Release|x86.ActiveCfg = Release|Any CPU
		{C97E2D0C-E0F4-4F37-82D8-672E192CC5CD}.Release|x86.Build.0 = Release|Any CPU
		{05889DB5-9C29-47A4-AF5D-DAAF3C6C2B0C}.Debug|Any CPU.ActiveCfg = Debug|Any CPU
		{05889DB5-9C29-47A4-AF5D-DAAF3C6C2B0C}.Debug|Any CPU.Build.0 = Debug|Any CPU
		{05889DB5-9C29-47A4-AF5D-DAAF3C6C2B0C}.Debug|x64.ActiveCfg = Debug|Any CPU
		{05889DB5-9C29-47A4-AF5D-DAAF3C6C2B0C}.Debug|x64.Build.0 = Debug|Any CPU
		{05889DB5-9C29-47A4-AF5D-DAAF3C6C2B0C}.Debug|x86.ActiveCfg = Debug|Any CPU
		{05889DB5-9C29-47A4-AF5D-DAAF3C6C2B0C}.Debug|x86.Build.0 = Debug|Any CPU
		{05889DB5-9C29-47A4-AF5D-DAAF3C6C2B0C}.Release|Any CPU.ActiveCfg = Release|Any CPU
		{05889DB5-9C29-47A4-AF5D-DAAF3C6C2B0C}.Release|Any CPU.Build.0 = Release|Any CPU
		{05889DB5-9C29-47A4-AF5D-DAAF3C6C2B0C}.Release|x64.ActiveCfg = Release|Any CPU
		{05889DB5-9C29-47A4-AF5D-DAAF3C6C2B0C}.Release|x64.Build.0 = Release|Any CPU
		{05889DB5-9C29-47A4-AF5D-DAAF3C6C2B0C}.Release|x86.ActiveCfg = Release|Any CPU
		{05889DB5-9C29-47A4-AF5D-DAAF3C6C2B0C}.Release|x86.Build.0 = Release|Any CPU
		{C0DCA0AD-AA70-43EC-81FA-87EC4678EF28}.Debug|Any CPU.ActiveCfg = Debug|Any CPU
		{C0DCA0AD-AA70-43EC-81FA-87EC4678EF28}.Debug|Any CPU.Build.0 = Debug|Any CPU
		{C0DCA0AD-AA70-43EC-81FA-87EC4678EF28}.Debug|x64.ActiveCfg = Debug|Any CPU
		{C0DCA0AD-AA70-43EC-81FA-87EC4678EF28}.Debug|x64.Build.0 = Debug|Any CPU
		{C0DCA0AD-AA70-43EC-81FA-87EC4678EF28}.Debug|x86.ActiveCfg = Debug|Any CPU
		{C0DCA0AD-AA70-43EC-81FA-87EC4678EF28}.Debug|x86.Build.0 = Debug|Any CPU
		{C0DCA0AD-AA70-43EC-81FA-87EC4678EF28}.Release|Any CPU.ActiveCfg = Release|Any CPU
		{C0DCA0AD-AA70-43EC-81FA-87EC4678EF28}.Release|Any CPU.Build.0 = Release|Any CPU
		{C0DCA0AD-AA70-43EC-81FA-87EC4678EF28}.Release|x64.ActiveCfg = Release|Any CPU
		{C0DCA0AD-AA70-43EC-81FA-87EC4678EF28}.Release|x64.Build.0 = Release|Any CPU
		{C0DCA0AD-AA70-43EC-81FA-87EC4678EF28}.Release|x86.ActiveCfg = Release|Any CPU
		{C0DCA0AD-AA70-43EC-81FA-87EC4678EF28}.Release|x86.Build.0 = Release|Any CPU
		{9EC91E47-FB60-4804-AD51-A88C2609ACC5}.Debug|Any CPU.ActiveCfg = Debug|Any CPU
		{9EC91E47-FB60-4804-AD51-A88C2609ACC5}.Debug|Any CPU.Build.0 = Debug|Any CPU
		{9EC91E47-FB60-4804-AD51-A88C2609ACC5}.Debug|x64.ActiveCfg = Debug|Any CPU
		{9EC91E47-FB60-4804-AD51-A88C2609ACC5}.Debug|x64.Build.0 = Debug|Any CPU
		{9EC91E47-FB60-4804-AD51-A88C2609ACC5}.Debug|x86.ActiveCfg = Debug|Any CPU
		{9EC91E47-FB60-4804-AD51-A88C2609ACC5}.Debug|x86.Build.0 = Debug|Any CPU
		{9EC91E47-FB60-4804-AD51-A88C2609ACC5}.Release|Any CPU.ActiveCfg = Release|Any CPU
		{9EC91E47-FB60-4804-AD51-A88C2609ACC5}.Release|Any CPU.Build.0 = Release|Any CPU
		{9EC91E47-FB60-4804-AD51-A88C2609ACC5}.Release|x64.ActiveCfg = Release|Any CPU
		{9EC91E47-FB60-4804-AD51-A88C2609ACC5}.Release|x64.Build.0 = Release|Any CPU
		{9EC91E47-FB60-4804-AD51-A88C2609ACC5}.Release|x86.ActiveCfg = Release|Any CPU
		{9EC91E47-FB60-4804-AD51-A88C2609ACC5}.Release|x86.Build.0 = Release|Any CPU
		{AE28A6D0-F5F3-4E72-9DCA-3517DEE67AE7}.Debug|Any CPU.ActiveCfg = Debug|Any CPU
		{AE28A6D0-F5F3-4E72-9DCA-3517DEE67AE7}.Debug|Any CPU.Build.0 = Debug|Any CPU
		{AE28A6D0-F5F3-4E72-9DCA-3517DEE67AE7}.Debug|x64.ActiveCfg = Debug|Any CPU
		{AE28A6D0-F5F3-4E72-9DCA-3517DEE67AE7}.Debug|x64.Build.0 = Debug|Any CPU
		{AE28A6D0-F5F3-4E72-9DCA-3517DEE67AE7}.Debug|x86.ActiveCfg = Debug|Any CPU
		{AE28A6D0-F5F3-4E72-9DCA-3517DEE67AE7}.Debug|x86.Build.0 = Debug|Any CPU
		{AE28A6D0-F5F3-4E72-9DCA-3517DEE67AE7}.Release|Any CPU.ActiveCfg = Release|Any CPU
		{AE28A6D0-F5F3-4E72-9DCA-3517DEE67AE7}.Release|Any CPU.Build.0 = Release|Any CPU
		{AE28A6D0-F5F3-4E72-9DCA-3517DEE67AE7}.Release|x64.ActiveCfg = Release|Any CPU
		{AE28A6D0-F5F3-4E72-9DCA-3517DEE67AE7}.Release|x64.Build.0 = Release|Any CPU
		{AE28A6D0-F5F3-4E72-9DCA-3517DEE67AE7}.Release|x86.ActiveCfg = Release|Any CPU
		{AE28A6D0-F5F3-4E72-9DCA-3517DEE67AE7}.Release|x86.Build.0 = Release|Any CPU
		{ACFD2F76-1FDE-4403-940C-3C9AA360FB05}.Debug|Any CPU.ActiveCfg = Debug|Any CPU
		{ACFD2F76-1FDE-4403-940C-3C9AA360FB05}.Debug|Any CPU.Build.0 = Debug|Any CPU
		{ACFD2F76-1FDE-4403-940C-3C9AA360FB05}.Debug|x64.ActiveCfg = Debug|Any CPU
		{ACFD2F76-1FDE-4403-940C-3C9AA360FB05}.Debug|x64.Build.0 = Debug|Any CPU
		{ACFD2F76-1FDE-4403-940C-3C9AA360FB05}.Debug|x86.ActiveCfg = Debug|Any CPU
		{ACFD2F76-1FDE-4403-940C-3C9AA360FB05}.Debug|x86.Build.0 = Debug|Any CPU
		{ACFD2F76-1FDE-4403-940C-3C9AA360FB05}.Release|Any CPU.ActiveCfg = Release|Any CPU
		{ACFD2F76-1FDE-4403-940C-3C9AA360FB05}.Release|Any CPU.Build.0 = Release|Any CPU
		{ACFD2F76-1FDE-4403-940C-3C9AA360FB05}.Release|x64.ActiveCfg = Release|Any CPU
		{ACFD2F76-1FDE-4403-940C-3C9AA360FB05}.Release|x64.Build.0 = Release|Any CPU
		{ACFD2F76-1FDE-4403-940C-3C9AA360FB05}.Release|x86.ActiveCfg = Release|Any CPU
		{ACFD2F76-1FDE-4403-940C-3C9AA360FB05}.Release|x86.Build.0 = Release|Any CPU
		{53B325D3-0E95-436B-A9CD-BC0D673FC0A0}.Debug|Any CPU.ActiveCfg = Debug|Any CPU
		{53B325D3-0E95-436B-A9CD-BC0D673FC0A0}.Debug|Any CPU.Build.0 = Debug|Any CPU
		{53B325D3-0E95-436B-A9CD-BC0D673FC0A0}.Debug|x64.ActiveCfg = Debug|Any CPU
		{53B325D3-0E95-436B-A9CD-BC0D673FC0A0}.Debug|x64.Build.0 = Debug|Any CPU
		{53B325D3-0E95-436B-A9CD-BC0D673FC0A0}.Debug|x86.ActiveCfg = Debug|Any CPU
		{53B325D3-0E95-436B-A9CD-BC0D673FC0A0}.Debug|x86.Build.0 = Debug|Any CPU
		{53B325D3-0E95-436B-A9CD-BC0D673FC0A0}.Release|Any CPU.ActiveCfg = Release|Any CPU
		{53B325D3-0E95-436B-A9CD-BC0D673FC0A0}.Release|Any CPU.Build.0 = Release|Any CPU
		{53B325D3-0E95-436B-A9CD-BC0D673FC0A0}.Release|x64.ActiveCfg = Release|Any CPU
		{53B325D3-0E95-436B-A9CD-BC0D673FC0A0}.Release|x64.Build.0 = Release|Any CPU
		{53B325D3-0E95-436B-A9CD-BC0D673FC0A0}.Release|x86.ActiveCfg = Release|Any CPU
		{53B325D3-0E95-436B-A9CD-BC0D673FC0A0}.Release|x86.Build.0 = Release|Any CPU
		{819B824A-D9F9-4455-A786-DA9B7F2581C4}.Debug|Any CPU.ActiveCfg = Debug|Any CPU
		{819B824A-D9F9-4455-A786-DA9B7F2581C4}.Debug|Any CPU.Build.0 = Debug|Any CPU
		{819B824A-D9F9-4455-A786-DA9B7F2581C4}.Debug|x64.ActiveCfg = Debug|Any CPU
		{819B824A-D9F9-4455-A786-DA9B7F2581C4}.Debug|x64.Build.0 = Debug|Any CPU
		{819B824A-D9F9-4455-A786-DA9B7F2581C4}.Debug|x86.ActiveCfg = Debug|Any CPU
		{819B824A-D9F9-4455-A786-DA9B7F2581C4}.Debug|x86.Build.0 = Debug|Any CPU
		{819B824A-D9F9-4455-A786-DA9B7F2581C4}.Release|Any CPU.ActiveCfg = Release|Any CPU
		{819B824A-D9F9-4455-A786-DA9B7F2581C4}.Release|Any CPU.Build.0 = Release|Any CPU
		{819B824A-D9F9-4455-A786-DA9B7F2581C4}.Release|x64.ActiveCfg = Release|Any CPU
		{819B824A-D9F9-4455-A786-DA9B7F2581C4}.Release|x64.Build.0 = Release|Any CPU
		{819B824A-D9F9-4455-A786-DA9B7F2581C4}.Release|x86.ActiveCfg = Release|Any CPU
		{819B824A-D9F9-4455-A786-DA9B7F2581C4}.Release|x86.Build.0 = Release|Any CPU
		{AC313034-F753-4565-B2E3-DC4E0C5921FC}.Debug|Any CPU.ActiveCfg = Debug|Any CPU
		{AC313034-F753-4565-B2E3-DC4E0C5921FC}.Debug|Any CPU.Build.0 = Debug|Any CPU
		{AC313034-F753-4565-B2E3-DC4E0C5921FC}.Debug|x64.ActiveCfg = Debug|Any CPU
		{AC313034-F753-4565-B2E3-DC4E0C5921FC}.Debug|x64.Build.0 = Debug|Any CPU
		{AC313034-F753-4565-B2E3-DC4E0C5921FC}.Debug|x86.ActiveCfg = Debug|Any CPU
		{AC313034-F753-4565-B2E3-DC4E0C5921FC}.Debug|x86.Build.0 = Debug|Any CPU
		{AC313034-F753-4565-B2E3-DC4E0C5921FC}.Release|Any CPU.ActiveCfg = Release|Any CPU
		{AC313034-F753-4565-B2E3-DC4E0C5921FC}.Release|Any CPU.Build.0 = Release|Any CPU
		{AC313034-F753-4565-B2E3-DC4E0C5921FC}.Release|x64.ActiveCfg = Release|Any CPU
		{AC313034-F753-4565-B2E3-DC4E0C5921FC}.Release|x64.Build.0 = Release|Any CPU
		{AC313034-F753-4565-B2E3-DC4E0C5921FC}.Release|x86.ActiveCfg = Release|Any CPU
		{AC313034-F753-4565-B2E3-DC4E0C5921FC}.Release|x86.Build.0 = Release|Any CPU
		{3F4E4F68-27B4-43E1-A3C8-6B593DDF5985}.Debug|Any CPU.ActiveCfg = Debug|Any CPU
		{3F4E4F68-27B4-43E1-A3C8-6B593DDF5985}.Debug|Any CPU.Build.0 = Debug|Any CPU
		{3F4E4F68-27B4-43E1-A3C8-6B593DDF5985}.Debug|x64.ActiveCfg = Debug|Any CPU
		{3F4E4F68-27B4-43E1-A3C8-6B593DDF5985}.Debug|x64.Build.0 = Debug|Any CPU
		{3F4E4F68-27B4-43E1-A3C8-6B593DDF5985}.Debug|x86.ActiveCfg = Debug|Any CPU
		{3F4E4F68-27B4-43E1-A3C8-6B593DDF5985}.Debug|x86.Build.0 = Debug|Any CPU
		{3F4E4F68-27B4-43E1-A3C8-6B593DDF5985}.Release|Any CPU.ActiveCfg = Release|Any CPU
		{3F4E4F68-27B4-43E1-A3C8-6B593DDF5985}.Release|Any CPU.Build.0 = Release|Any CPU
		{3F4E4F68-27B4-43E1-A3C8-6B593DDF5985}.Release|x64.ActiveCfg = Release|Any CPU
		{3F4E4F68-27B4-43E1-A3C8-6B593DDF5985}.Release|x64.Build.0 = Release|Any CPU
		{3F4E4F68-27B4-43E1-A3C8-6B593DDF5985}.Release|x86.ActiveCfg = Release|Any CPU
		{3F4E4F68-27B4-43E1-A3C8-6B593DDF5985}.Release|x86.Build.0 = Release|Any CPU
		{79166B41-F683-470D-BE1C-D36C2D0C1898}.Debug|Any CPU.ActiveCfg = Debug|Any CPU
		{79166B41-F683-470D-BE1C-D36C2D0C1898}.Debug|Any CPU.Build.0 = Debug|Any CPU
		{79166B41-F683-470D-BE1C-D36C2D0C1898}.Debug|x64.ActiveCfg = Debug|Any CPU
		{79166B41-F683-470D-BE1C-D36C2D0C1898}.Debug|x64.Build.0 = Debug|Any CPU
		{79166B41-F683-470D-BE1C-D36C2D0C1898}.Debug|x86.ActiveCfg = Debug|Any CPU
		{79166B41-F683-470D-BE1C-D36C2D0C1898}.Debug|x86.Build.0 = Debug|Any CPU
		{79166B41-F683-470D-BE1C-D36C2D0C1898}.Release|Any CPU.ActiveCfg = Release|Any CPU
		{79166B41-F683-470D-BE1C-D36C2D0C1898}.Release|Any CPU.Build.0 = Release|Any CPU
		{79166B41-F683-470D-BE1C-D36C2D0C1898}.Release|x64.ActiveCfg = Release|Any CPU
		{79166B41-F683-470D-BE1C-D36C2D0C1898}.Release|x64.Build.0 = Release|Any CPU
		{79166B41-F683-470D-BE1C-D36C2D0C1898}.Release|x86.ActiveCfg = Release|Any CPU
		{79166B41-F683-470D-BE1C-D36C2D0C1898}.Release|x86.Build.0 = Release|Any CPU
		{63D772A5-A2B9-4F6D-BE4B-EEC4FDFEE06B}.Debug|Any CPU.ActiveCfg = Debug|Any CPU
		{63D772A5-A2B9-4F6D-BE4B-EEC4FDFEE06B}.Debug|Any CPU.Build.0 = Debug|Any CPU
		{63D772A5-A2B9-4F6D-BE4B-EEC4FDFEE06B}.Debug|x64.ActiveCfg = Debug|Any CPU
		{63D772A5-A2B9-4F6D-BE4B-EEC4FDFEE06B}.Debug|x64.Build.0 = Debug|Any CPU
		{63D772A5-A2B9-4F6D-BE4B-EEC4FDFEE06B}.Debug|x86.ActiveCfg = Debug|Any CPU
		{63D772A5-A2B9-4F6D-BE4B-EEC4FDFEE06B}.Debug|x86.Build.0 = Debug|Any CPU
		{63D772A5-A2B9-4F6D-BE4B-EEC4FDFEE06B}.Release|Any CPU.ActiveCfg = Release|Any CPU
		{63D772A5-A2B9-4F6D-BE4B-EEC4FDFEE06B}.Release|Any CPU.Build.0 = Release|Any CPU
		{63D772A5-A2B9-4F6D-BE4B-EEC4FDFEE06B}.Release|x64.ActiveCfg = Release|Any CPU
		{63D772A5-A2B9-4F6D-BE4B-EEC4FDFEE06B}.Release|x64.Build.0 = Release|Any CPU
		{63D772A5-A2B9-4F6D-BE4B-EEC4FDFEE06B}.Release|x86.ActiveCfg = Release|Any CPU
		{63D772A5-A2B9-4F6D-BE4B-EEC4FDFEE06B}.Release|x86.Build.0 = Release|Any CPU
		{B226E8EB-A1B4-4CBD-9360-0F93D08277D4}.Debug|Any CPU.ActiveCfg = Debug|Any CPU
		{B226E8EB-A1B4-4CBD-9360-0F93D08277D4}.Debug|Any CPU.Build.0 = Debug|Any CPU
		{B226E8EB-A1B4-4CBD-9360-0F93D08277D4}.Debug|x64.ActiveCfg = Debug|Any CPU
		{B226E8EB-A1B4-4CBD-9360-0F93D08277D4}.Debug|x64.Build.0 = Debug|Any CPU
		{B226E8EB-A1B4-4CBD-9360-0F93D08277D4}.Debug|x86.ActiveCfg = Debug|Any CPU
		{B226E8EB-A1B4-4CBD-9360-0F93D08277D4}.Debug|x86.Build.0 = Debug|Any CPU
		{B226E8EB-A1B4-4CBD-9360-0F93D08277D4}.Release|Any CPU.ActiveCfg = Release|Any CPU
		{B226E8EB-A1B4-4CBD-9360-0F93D08277D4}.Release|Any CPU.Build.0 = Release|Any CPU
		{B226E8EB-A1B4-4CBD-9360-0F93D08277D4}.Release|x64.ActiveCfg = Release|Any CPU
		{B226E8EB-A1B4-4CBD-9360-0F93D08277D4}.Release|x64.Build.0 = Release|Any CPU
		{B226E8EB-A1B4-4CBD-9360-0F93D08277D4}.Release|x86.ActiveCfg = Release|Any CPU
		{B226E8EB-A1B4-4CBD-9360-0F93D08277D4}.Release|x86.Build.0 = Release|Any CPU
		{9F2D0E3D-40E0-4F0D-ABF0-41FC54C7E071}.Debug|Any CPU.ActiveCfg = Debug|Any CPU
		{9F2D0E3D-40E0-4F0D-ABF0-41FC54C7E071}.Debug|Any CPU.Build.0 = Debug|Any CPU
		{9F2D0E3D-40E0-4F0D-ABF0-41FC54C7E071}.Debug|x64.ActiveCfg = Debug|Any CPU
		{9F2D0E3D-40E0-4F0D-ABF0-41FC54C7E071}.Debug|x64.Build.0 = Debug|Any CPU
		{9F2D0E3D-40E0-4F0D-ABF0-41FC54C7E071}.Debug|x86.ActiveCfg = Debug|Any CPU
		{9F2D0E3D-40E0-4F0D-ABF0-41FC54C7E071}.Debug|x86.Build.0 = Debug|Any CPU
		{9F2D0E3D-40E0-4F0D-ABF0-41FC54C7E071}.Release|Any CPU.ActiveCfg = Release|Any CPU
		{9F2D0E3D-40E0-4F0D-ABF0-41FC54C7E071}.Release|Any CPU.Build.0 = Release|Any CPU
		{9F2D0E3D-40E0-4F0D-ABF0-41FC54C7E071}.Release|x64.ActiveCfg = Release|Any CPU
		{9F2D0E3D-40E0-4F0D-ABF0-41FC54C7E071}.Release|x64.Build.0 = Release|Any CPU
		{9F2D0E3D-40E0-4F0D-ABF0-41FC54C7E071}.Release|x86.ActiveCfg = Release|Any CPU
		{9F2D0E3D-40E0-4F0D-ABF0-41FC54C7E071}.Release|x86.Build.0 = Release|Any CPU
		{7D72BB1E-18BA-499D-AFDD-2C586901202A}.Debug|Any CPU.ActiveCfg = Debug|Any CPU
		{7D72BB1E-18BA-499D-AFDD-2C586901202A}.Debug|Any CPU.Build.0 = Debug|Any CPU
		{7D72BB1E-18BA-499D-AFDD-2C586901202A}.Debug|x64.ActiveCfg = Debug|Any CPU
		{7D72BB1E-18BA-499D-AFDD-2C586901202A}.Debug|x64.Build.0 = Debug|Any CPU
		{7D72BB1E-18BA-499D-AFDD-2C586901202A}.Debug|x86.ActiveCfg = Debug|Any CPU
		{7D72BB1E-18BA-499D-AFDD-2C586901202A}.Debug|x86.Build.0 = Debug|Any CPU
		{7D72BB1E-18BA-499D-AFDD-2C586901202A}.Release|Any CPU.ActiveCfg = Release|Any CPU
		{7D72BB1E-18BA-499D-AFDD-2C586901202A}.Release|Any CPU.Build.0 = Release|Any CPU
		{7D72BB1E-18BA-499D-AFDD-2C586901202A}.Release|x64.ActiveCfg = Release|Any CPU
		{7D72BB1E-18BA-499D-AFDD-2C586901202A}.Release|x64.Build.0 = Release|Any CPU
		{7D72BB1E-18BA-499D-AFDD-2C586901202A}.Release|x86.ActiveCfg = Release|Any CPU
		{7D72BB1E-18BA-499D-AFDD-2C586901202A}.Release|x86.Build.0 = Release|Any CPU
		{9B5F8091-B7EA-46E3-ACDD-B8455FD57375}.Debug|Any CPU.ActiveCfg = Debug|Any CPU
		{9B5F8091-B7EA-46E3-ACDD-B8455FD57375}.Debug|Any CPU.Build.0 = Debug|Any CPU
		{9B5F8091-B7EA-46E3-ACDD-B8455FD57375}.Debug|x64.ActiveCfg = Debug|Any CPU
		{9B5F8091-B7EA-46E3-ACDD-B8455FD57375}.Debug|x64.Build.0 = Debug|Any CPU
		{9B5F8091-B7EA-46E3-ACDD-B8455FD57375}.Debug|x86.ActiveCfg = Debug|Any CPU
		{9B5F8091-B7EA-46E3-ACDD-B8455FD57375}.Debug|x86.Build.0 = Debug|Any CPU
		{9B5F8091-B7EA-46E3-ACDD-B8455FD57375}.Release|Any CPU.ActiveCfg = Release|Any CPU
		{9B5F8091-B7EA-46E3-ACDD-B8455FD57375}.Release|Any CPU.Build.0 = Release|Any CPU
		{9B5F8091-B7EA-46E3-ACDD-B8455FD57375}.Release|x64.ActiveCfg = Release|Any CPU
		{9B5F8091-B7EA-46E3-ACDD-B8455FD57375}.Release|x64.Build.0 = Release|Any CPU
		{9B5F8091-B7EA-46E3-ACDD-B8455FD57375}.Release|x86.ActiveCfg = Release|Any CPU
		{9B5F8091-B7EA-46E3-ACDD-B8455FD57375}.Release|x86.Build.0 = Release|Any CPU
		{20F132D1-2201-46DA-B0B4-612A74EEDA48}.Debug|Any CPU.ActiveCfg = Debug|Any CPU
		{20F132D1-2201-46DA-B0B4-612A74EEDA48}.Debug|Any CPU.Build.0 = Debug|Any CPU
		{20F132D1-2201-46DA-B0B4-612A74EEDA48}.Debug|x64.ActiveCfg = Debug|Any CPU
		{20F132D1-2201-46DA-B0B4-612A74EEDA48}.Debug|x64.Build.0 = Debug|Any CPU
		{20F132D1-2201-46DA-B0B4-612A74EEDA48}.Debug|x86.ActiveCfg = Debug|Any CPU
		{20F132D1-2201-46DA-B0B4-612A74EEDA48}.Debug|x86.Build.0 = Debug|Any CPU
		{20F132D1-2201-46DA-B0B4-612A74EEDA48}.Release|Any CPU.ActiveCfg = Release|Any CPU
		{20F132D1-2201-46DA-B0B4-612A74EEDA48}.Release|Any CPU.Build.0 = Release|Any CPU
		{20F132D1-2201-46DA-B0B4-612A74EEDA48}.Release|x64.ActiveCfg = Release|Any CPU
		{20F132D1-2201-46DA-B0B4-612A74EEDA48}.Release|x64.Build.0 = Release|Any CPU
		{20F132D1-2201-46DA-B0B4-612A74EEDA48}.Release|x86.ActiveCfg = Release|Any CPU
		{20F132D1-2201-46DA-B0B4-612A74EEDA48}.Release|x86.Build.0 = Release|Any CPU
		{D5CC6C3E-8678-44A2-9750-E25B27855AD8}.Debug|Any CPU.ActiveCfg = Debug|Any CPU
		{D5CC6C3E-8678-44A2-9750-E25B27855AD8}.Debug|Any CPU.Build.0 = Debug|Any CPU
		{D5CC6C3E-8678-44A2-9750-E25B27855AD8}.Debug|x64.ActiveCfg = Debug|Any CPU
		{D5CC6C3E-8678-44A2-9750-E25B27855AD8}.Debug|x64.Build.0 = Debug|Any CPU
		{D5CC6C3E-8678-44A2-9750-E25B27855AD8}.Debug|x86.ActiveCfg = Debug|Any CPU
		{D5CC6C3E-8678-44A2-9750-E25B27855AD8}.Debug|x86.Build.0 = Debug|Any CPU
		{D5CC6C3E-8678-44A2-9750-E25B27855AD8}.Release|Any CPU.ActiveCfg = Release|Any CPU
		{D5CC6C3E-8678-44A2-9750-E25B27855AD8}.Release|Any CPU.Build.0 = Release|Any CPU
		{D5CC6C3E-8678-44A2-9750-E25B27855AD8}.Release|x64.ActiveCfg = Release|Any CPU
		{D5CC6C3E-8678-44A2-9750-E25B27855AD8}.Release|x64.Build.0 = Release|Any CPU
		{D5CC6C3E-8678-44A2-9750-E25B27855AD8}.Release|x86.ActiveCfg = Release|Any CPU
		{D5CC6C3E-8678-44A2-9750-E25B27855AD8}.Release|x86.Build.0 = Release|Any CPU
		{4904AD51-BECB-4285-AA1D-9A218769BC36}.Debug|Any CPU.ActiveCfg = Debug|Any CPU
		{4904AD51-BECB-4285-AA1D-9A218769BC36}.Debug|Any CPU.Build.0 = Debug|Any CPU
		{4904AD51-BECB-4285-AA1D-9A218769BC36}.Debug|x64.ActiveCfg = Debug|Any CPU
		{4904AD51-BECB-4285-AA1D-9A218769BC36}.Debug|x64.Build.0 = Debug|Any CPU
		{4904AD51-BECB-4285-AA1D-9A218769BC36}.Debug|x86.ActiveCfg = Debug|Any CPU
		{4904AD51-BECB-4285-AA1D-9A218769BC36}.Debug|x86.Build.0 = Debug|Any CPU
		{4904AD51-BECB-4285-AA1D-9A218769BC36}.Release|Any CPU.ActiveCfg = Release|Any CPU
		{4904AD51-BECB-4285-AA1D-9A218769BC36}.Release|Any CPU.Build.0 = Release|Any CPU
		{4904AD51-BECB-4285-AA1D-9A218769BC36}.Release|x64.ActiveCfg = Release|Any CPU
		{4904AD51-BECB-4285-AA1D-9A218769BC36}.Release|x64.Build.0 = Release|Any CPU
		{4904AD51-BECB-4285-AA1D-9A218769BC36}.Release|x86.ActiveCfg = Release|Any CPU
		{4904AD51-BECB-4285-AA1D-9A218769BC36}.Release|x86.Build.0 = Release|Any CPU
		{24CC8B97-4F27-4E41-AAFD-C4B8B8B77F45}.Debug|Any CPU.ActiveCfg = Debug|Any CPU
		{24CC8B97-4F27-4E41-AAFD-C4B8B8B77F45}.Debug|Any CPU.Build.0 = Debug|Any CPU
		{24CC8B97-4F27-4E41-AAFD-C4B8B8B77F45}.Debug|x64.ActiveCfg = Debug|Any CPU
		{24CC8B97-4F27-4E41-AAFD-C4B8B8B77F45}.Debug|x64.Build.0 = Debug|Any CPU
		{24CC8B97-4F27-4E41-AAFD-C4B8B8B77F45}.Debug|x86.ActiveCfg = Debug|Any CPU
		{24CC8B97-4F27-4E41-AAFD-C4B8B8B77F45}.Debug|x86.Build.0 = Debug|Any CPU
		{24CC8B97-4F27-4E41-AAFD-C4B8B8B77F45}.Release|Any CPU.ActiveCfg = Release|Any CPU
		{24CC8B97-4F27-4E41-AAFD-C4B8B8B77F45}.Release|Any CPU.Build.0 = Release|Any CPU
		{24CC8B97-4F27-4E41-AAFD-C4B8B8B77F45}.Release|x64.ActiveCfg = Release|Any CPU
		{24CC8B97-4F27-4E41-AAFD-C4B8B8B77F45}.Release|x64.Build.0 = Release|Any CPU
		{24CC8B97-4F27-4E41-AAFD-C4B8B8B77F45}.Release|x86.ActiveCfg = Release|Any CPU
		{24CC8B97-4F27-4E41-AAFD-C4B8B8B77F45}.Release|x86.Build.0 = Release|Any CPU
		{0B0429A3-CA4A-4C40-805C-1F4146EC3F8A}.Debug|Any CPU.ActiveCfg = Debug|Any CPU
		{0B0429A3-CA4A-4C40-805C-1F4146EC3F8A}.Debug|Any CPU.Build.0 = Debug|Any CPU
		{0B0429A3-CA4A-4C40-805C-1F4146EC3F8A}.Debug|x64.ActiveCfg = Debug|Any CPU
		{0B0429A3-CA4A-4C40-805C-1F4146EC3F8A}.Debug|x64.Build.0 = Debug|Any CPU
		{0B0429A3-CA4A-4C40-805C-1F4146EC3F8A}.Debug|x86.ActiveCfg = Debug|Any CPU
		{0B0429A3-CA4A-4C40-805C-1F4146EC3F8A}.Debug|x86.Build.0 = Debug|Any CPU
		{0B0429A3-CA4A-4C40-805C-1F4146EC3F8A}.Release|Any CPU.ActiveCfg = Release|Any CPU
		{0B0429A3-CA4A-4C40-805C-1F4146EC3F8A}.Release|Any CPU.Build.0 = Release|Any CPU
		{0B0429A3-CA4A-4C40-805C-1F4146EC3F8A}.Release|x64.ActiveCfg = Release|Any CPU
		{0B0429A3-CA4A-4C40-805C-1F4146EC3F8A}.Release|x64.Build.0 = Release|Any CPU
		{0B0429A3-CA4A-4C40-805C-1F4146EC3F8A}.Release|x86.ActiveCfg = Release|Any CPU
		{0B0429A3-CA4A-4C40-805C-1F4146EC3F8A}.Release|x86.Build.0 = Release|Any CPU
		{4283A7F7-5510-45C9-BA95-0A9245956D15}.Debug|Any CPU.ActiveCfg = Debug|Any CPU
		{4283A7F7-5510-45C9-BA95-0A9245956D15}.Debug|Any CPU.Build.0 = Debug|Any CPU
		{4283A7F7-5510-45C9-BA95-0A9245956D15}.Debug|x64.ActiveCfg = Debug|Any CPU
		{4283A7F7-5510-45C9-BA95-0A9245956D15}.Debug|x64.Build.0 = Debug|Any CPU
		{4283A7F7-5510-45C9-BA95-0A9245956D15}.Debug|x86.ActiveCfg = Debug|Any CPU
		{4283A7F7-5510-45C9-BA95-0A9245956D15}.Debug|x86.Build.0 = Debug|Any CPU
		{4283A7F7-5510-45C9-BA95-0A9245956D15}.Release|Any CPU.ActiveCfg = Release|Any CPU
		{4283A7F7-5510-45C9-BA95-0A9245956D15}.Release|Any CPU.Build.0 = Release|Any CPU
		{4283A7F7-5510-45C9-BA95-0A9245956D15}.Release|x64.ActiveCfg = Release|Any CPU
		{4283A7F7-5510-45C9-BA95-0A9245956D15}.Release|x64.Build.0 = Release|Any CPU
		{4283A7F7-5510-45C9-BA95-0A9245956D15}.Release|x86.ActiveCfg = Release|Any CPU
		{4283A7F7-5510-45C9-BA95-0A9245956D15}.Release|x86.Build.0 = Release|Any CPU
		{7DB7A02C-B8F8-4A7D-B2CC-928E6AD1009E}.Debug|Any CPU.ActiveCfg = Debug|Any CPU
		{7DB7A02C-B8F8-4A7D-B2CC-928E6AD1009E}.Debug|Any CPU.Build.0 = Debug|Any CPU
		{7DB7A02C-B8F8-4A7D-B2CC-928E6AD1009E}.Debug|x64.ActiveCfg = Debug|Any CPU
		{7DB7A02C-B8F8-4A7D-B2CC-928E6AD1009E}.Debug|x64.Build.0 = Debug|Any CPU
		{7DB7A02C-B8F8-4A7D-B2CC-928E6AD1009E}.Debug|x86.ActiveCfg = Debug|Any CPU
		{7DB7A02C-B8F8-4A7D-B2CC-928E6AD1009E}.Debug|x86.Build.0 = Debug|Any CPU
		{7DB7A02C-B8F8-4A7D-B2CC-928E6AD1009E}.Release|Any CPU.ActiveCfg = Release|Any CPU
		{7DB7A02C-B8F8-4A7D-B2CC-928E6AD1009E}.Release|Any CPU.Build.0 = Release|Any CPU
		{7DB7A02C-B8F8-4A7D-B2CC-928E6AD1009E}.Release|x64.ActiveCfg = Release|Any CPU
		{7DB7A02C-B8F8-4A7D-B2CC-928E6AD1009E}.Release|x64.Build.0 = Release|Any CPU
		{7DB7A02C-B8F8-4A7D-B2CC-928E6AD1009E}.Release|x86.ActiveCfg = Release|Any CPU
		{7DB7A02C-B8F8-4A7D-B2CC-928E6AD1009E}.Release|x86.Build.0 = Release|Any CPU
		{B6986967-8AC0-4357-B671-161AB14470E4}.Debug|Any CPU.ActiveCfg = Debug|Any CPU
		{B6986967-8AC0-4357-B671-161AB14470E4}.Debug|Any CPU.Build.0 = Debug|Any CPU
		{B6986967-8AC0-4357-B671-161AB14470E4}.Debug|x64.ActiveCfg = Debug|Any CPU
		{B6986967-8AC0-4357-B671-161AB14470E4}.Debug|x64.Build.0 = Debug|Any CPU
		{B6986967-8AC0-4357-B671-161AB14470E4}.Debug|x86.ActiveCfg = Debug|Any CPU
		{B6986967-8AC0-4357-B671-161AB14470E4}.Debug|x86.Build.0 = Debug|Any CPU
		{B6986967-8AC0-4357-B671-161AB14470E4}.Release|Any CPU.ActiveCfg = Release|Any CPU
		{B6986967-8AC0-4357-B671-161AB14470E4}.Release|Any CPU.Build.0 = Release|Any CPU
		{B6986967-8AC0-4357-B671-161AB14470E4}.Release|x64.ActiveCfg = Release|Any CPU
		{B6986967-8AC0-4357-B671-161AB14470E4}.Release|x64.Build.0 = Release|Any CPU
		{B6986967-8AC0-4357-B671-161AB14470E4}.Release|x86.ActiveCfg = Release|Any CPU
		{B6986967-8AC0-4357-B671-161AB14470E4}.Release|x86.Build.0 = Release|Any CPU
		{E8134118-C745-4EE1-B230-6214DB9B8B86}.Debug|Any CPU.ActiveCfg = Debug|Any CPU
		{E8134118-C745-4EE1-B230-6214DB9B8B86}.Debug|Any CPU.Build.0 = Debug|Any CPU
		{E8134118-C745-4EE1-B230-6214DB9B8B86}.Debug|x64.ActiveCfg = Debug|Any CPU
		{E8134118-C745-4EE1-B230-6214DB9B8B86}.Debug|x64.Build.0 = Debug|Any CPU
		{E8134118-C745-4EE1-B230-6214DB9B8B86}.Debug|x86.ActiveCfg = Debug|Any CPU
		{E8134118-C745-4EE1-B230-6214DB9B8B86}.Debug|x86.Build.0 = Debug|Any CPU
		{E8134118-C745-4EE1-B230-6214DB9B8B86}.Release|Any CPU.ActiveCfg = Release|Any CPU
		{E8134118-C745-4EE1-B230-6214DB9B8B86}.Release|Any CPU.Build.0 = Release|Any CPU
		{E8134118-C745-4EE1-B230-6214DB9B8B86}.Release|x64.ActiveCfg = Release|Any CPU
		{E8134118-C745-4EE1-B230-6214DB9B8B86}.Release|x64.Build.0 = Release|Any CPU
		{E8134118-C745-4EE1-B230-6214DB9B8B86}.Release|x86.ActiveCfg = Release|Any CPU
		{E8134118-C745-4EE1-B230-6214DB9B8B86}.Release|x86.Build.0 = Release|Any CPU
		{031BEC8F-5385-4A1A-ABB1-961931A2DC89}.Debug|Any CPU.ActiveCfg = Debug|Any CPU
		{031BEC8F-5385-4A1A-ABB1-961931A2DC89}.Debug|Any CPU.Build.0 = Debug|Any CPU
		{031BEC8F-5385-4A1A-ABB1-961931A2DC89}.Debug|x64.ActiveCfg = Debug|Any CPU
		{031BEC8F-5385-4A1A-ABB1-961931A2DC89}.Debug|x64.Build.0 = Debug|Any CPU
		{031BEC8F-5385-4A1A-ABB1-961931A2DC89}.Debug|x86.ActiveCfg = Debug|Any CPU
		{031BEC8F-5385-4A1A-ABB1-961931A2DC89}.Debug|x86.Build.0 = Debug|Any CPU
		{031BEC8F-5385-4A1A-ABB1-961931A2DC89}.Release|Any CPU.ActiveCfg = Release|Any CPU
		{031BEC8F-5385-4A1A-ABB1-961931A2DC89}.Release|Any CPU.Build.0 = Release|Any CPU
		{031BEC8F-5385-4A1A-ABB1-961931A2DC89}.Release|x64.ActiveCfg = Release|Any CPU
		{031BEC8F-5385-4A1A-ABB1-961931A2DC89}.Release|x64.Build.0 = Release|Any CPU
		{031BEC8F-5385-4A1A-ABB1-961931A2DC89}.Release|x86.ActiveCfg = Release|Any CPU
		{031BEC8F-5385-4A1A-ABB1-961931A2DC89}.Release|x86.Build.0 = Release|Any CPU
		{D86E9A01-F8DA-4AA9-8C7C-A1CEE721E4E6}.Debug|Any CPU.ActiveCfg = Debug|Any CPU
		{D86E9A01-F8DA-4AA9-8C7C-A1CEE721E4E6}.Debug|Any CPU.Build.0 = Debug|Any CPU
		{D86E9A01-F8DA-4AA9-8C7C-A1CEE721E4E6}.Debug|x64.ActiveCfg = Debug|Any CPU
		{D86E9A01-F8DA-4AA9-8C7C-A1CEE721E4E6}.Debug|x64.Build.0 = Debug|Any CPU
		{D86E9A01-F8DA-4AA9-8C7C-A1CEE721E4E6}.Debug|x86.ActiveCfg = Debug|Any CPU
		{D86E9A01-F8DA-4AA9-8C7C-A1CEE721E4E6}.Debug|x86.Build.0 = Debug|Any CPU
		{D86E9A01-F8DA-4AA9-8C7C-A1CEE721E4E6}.Release|Any CPU.ActiveCfg = Release|Any CPU
		{D86E9A01-F8DA-4AA9-8C7C-A1CEE721E4E6}.Release|Any CPU.Build.0 = Release|Any CPU
		{D86E9A01-F8DA-4AA9-8C7C-A1CEE721E4E6}.Release|x64.ActiveCfg = Release|Any CPU
		{D86E9A01-F8DA-4AA9-8C7C-A1CEE721E4E6}.Release|x64.Build.0 = Release|Any CPU
		{D86E9A01-F8DA-4AA9-8C7C-A1CEE721E4E6}.Release|x86.ActiveCfg = Release|Any CPU
		{D86E9A01-F8DA-4AA9-8C7C-A1CEE721E4E6}.Release|x86.Build.0 = Release|Any CPU
		{B64A090F-EDAF-4EAB-9558-98241E2ADBA9}.Debug|Any CPU.ActiveCfg = Debug|Any CPU
		{B64A090F-EDAF-4EAB-9558-98241E2ADBA9}.Debug|Any CPU.Build.0 = Debug|Any CPU
		{B64A090F-EDAF-4EAB-9558-98241E2ADBA9}.Debug|x64.ActiveCfg = Debug|Any CPU
		{B64A090F-EDAF-4EAB-9558-98241E2ADBA9}.Debug|x64.Build.0 = Debug|Any CPU
		{B64A090F-EDAF-4EAB-9558-98241E2ADBA9}.Debug|x86.ActiveCfg = Debug|Any CPU
		{B64A090F-EDAF-4EAB-9558-98241E2ADBA9}.Debug|x86.Build.0 = Debug|Any CPU
		{B64A090F-EDAF-4EAB-9558-98241E2ADBA9}.Release|Any CPU.ActiveCfg = Release|Any CPU
		{B64A090F-EDAF-4EAB-9558-98241E2ADBA9}.Release|Any CPU.Build.0 = Release|Any CPU
		{B64A090F-EDAF-4EAB-9558-98241E2ADBA9}.Release|x64.ActiveCfg = Release|Any CPU
		{B64A090F-EDAF-4EAB-9558-98241E2ADBA9}.Release|x64.Build.0 = Release|Any CPU
		{B64A090F-EDAF-4EAB-9558-98241E2ADBA9}.Release|x86.ActiveCfg = Release|Any CPU
		{B64A090F-EDAF-4EAB-9558-98241E2ADBA9}.Release|x86.Build.0 = Release|Any CPU
	EndGlobalSection
	GlobalSection(SolutionProperties) = preSolution
		HideSolutionNode = FALSE
	EndGlobalSection
	GlobalSection(NestedProjects) = preSolution
		{4A939368-4DCB-2722-D2AD-2E6874654808} = {B36A84DF-456D-A817-6EDD-3EC3E7F6E11F}
		{D3E3E96E-60B2-4EE5-BC9B-C1B8968D96D5} = {4A939368-4DCB-2722-D2AD-2E6874654808}
		{5D5D058F-60FD-5C65-8321-6DE1A038CDB3} = {4A939368-4DCB-2722-D2AD-2E6874654808}
		{6E60BFCE-C5AF-4730-B4EC-3589092F3451} = {5D5D058F-60FD-5C65-8321-6DE1A038CDB3}
		{0406EE65-074F-4B27-AB39-C49603A8C702} = {5D5D058F-60FD-5C65-8321-6DE1A038CDB3}
		{39858397-9B3E-4364-B898-AFEAC3CACA63} = {5D5D058F-60FD-5C65-8321-6DE1A038CDB3}
		{790F45F8-A43B-718B-D6EE-53787ECADF6A} = {4A939368-4DCB-2722-D2AD-2E6874654808}
		{891D40B5-AAB2-4CDB-95F2-855A78F81469} = {790F45F8-A43B-718B-D6EE-53787ECADF6A}
		{75175D81-8C3D-40DF-950E-0B0E68082463} = {790F45F8-A43B-718B-D6EE-53787ECADF6A}
		{E21E288D-0407-4A8A-8838-158F2E635E18} = {790F45F8-A43B-718B-D6EE-53787ECADF6A}
		{D856872A-F916-9A27-5605-919117669D1D} = {4A939368-4DCB-2722-D2AD-2E6874654808}
		{89E0C0D3-EE32-4BCA-B4C1-287040CD949C} = {D856872A-F916-9A27-5605-919117669D1D}
		{185F7FA6-9C65-4EAF-B77A-665E1F6DFBB6} = {D856872A-F916-9A27-5605-919117669D1D}
		{5DD6D62F-5082-46D1-BEEB-83A6C3B8C0FF} = {D856872A-F916-9A27-5605-919117669D1D}
		{8DBA52BB-D6FD-413D-99FC-B9B9810096A4} = {D856872A-F916-9A27-5605-919117669D1D}
		{42DBAA66-3577-46F4-B0EC-51532B7694FC} = {D856872A-F916-9A27-5605-919117669D1D}
		{D6223FF9-12F8-4309-AC3D-69F300438FDC} = {D856872A-F916-9A27-5605-919117669D1D}
		{2A37DB07-E99E-4872-BE34-F2760B226CD5} = {D856872A-F916-9A27-5605-919117669D1D}
		{AF5FE4F4-D62E-7C17-2FB7-C4852F93726B} = {4A939368-4DCB-2722-D2AD-2E6874654808}
		{EB82C898-C925-44CF-99D3-CE5BD480F5CC} = {AF5FE4F4-D62E-7C17-2FB7-C4852F93726B}
		{F0FEC324-FD3C-4A5C-8161-A5C6AD8BEF5B} = {AF5FE4F4-D62E-7C17-2FB7-C4852F93726B}
		{07ADBF55-0086-4BB9-9A0D-23E6D9801CF1} = {AF5FE4F4-D62E-7C17-2FB7-C4852F93726B}
		{8F6410C2-C531-497F-A9F9-E92F226B9A8F} = {AF5FE4F4-D62E-7C17-2FB7-C4852F93726B}
		{34388A65-87B6-4685-AF9C-B32D1D700A25} = {AF5FE4F4-D62E-7C17-2FB7-C4852F93726B}
		{9C35B49E-8F2E-4177-B006-D6A31BEDED03} = {AF5FE4F4-D62E-7C17-2FB7-C4852F93726B}
		{77D06742-FB66-B180-877E-055C24BF00C1} = {4A939368-4DCB-2722-D2AD-2E6874654808}
		{06AC94E0-0E00-4474-B692-61A97AD206FD} = {77D06742-FB66-B180-877E-055C24BF00C1}
		{C6A5EB27-253E-452F-BFBA-8C46DA6D81A5} = {77D06742-FB66-B180-877E-055C24BF00C1}
		{1904EA46-ADBC-486C-9012-51F530174BE4} = {77D06742-FB66-B180-877E-055C24BF00C1}
		{E56FABE7-8FAB-47AA-B7A4-7C0BE5044197} = {77D06742-FB66-B180-877E-055C24BF00C1}
		{89596F16-C108-4863-893E-8C0B35C9E3CE} = {77D06742-FB66-B180-877E-055C24BF00C1}
		{924531F2-8FAC-4C38-952C-5F0EEA40C873} = {77D06742-FB66-B180-877E-055C24BF00C1}
		{E55ABD09-0A2D-61ED-674E-49467F422D5F} = {4A939368-4DCB-2722-D2AD-2E6874654808}
		{BC916A19-50E1-410E-A29B-F5EA15D1B82F} = {E55ABD09-0A2D-61ED-674E-49467F422D5F}
		{A7E0BA09-A5D2-4295-A64E-1FFE2965B594} = {E55ABD09-0A2D-61ED-674E-49467F422D5F}
		{CF5E2F3E-C839-4300-A19A-1DCD4D334571} = {E55ABD09-0A2D-61ED-674E-49467F422D5F}
		{943BB1E3-A761-484D-B4F6-C5ABCB034902} = {E55ABD09-0A2D-61ED-674E-49467F422D5F}
		{02AB45A4-E2FD-43DB-9B90-8244B0CE1843} = {E55ABD09-0A2D-61ED-674E-49467F422D5F}
		{E34B16F5-3018-41D9-8248-03E94E46AFFF} = {E55ABD09-0A2D-61ED-674E-49467F422D5F}
		{BC91DC4C-7B9B-B9EC-EBA5-B32FD88F46AE} = {4A939368-4DCB-2722-D2AD-2E6874654808}
		{1BC14D81-2875-4784-AD9E-32BC407E8E7E} = {BC91DC4C-7B9B-B9EC-EBA5-B32FD88F46AE}
		{929D2C99-A415-47C1-85E8-C987591D97E6} = {BC91DC4C-7B9B-B9EC-EBA5-B32FD88F46AE}
		{6829F9CA-CCBC-4E2F-B330-4C787EEE20C5} = {BC91DC4C-7B9B-B9EC-EBA5-B32FD88F46AE}
		{D5E6D1A7-CAF6-444A-B6BA-B72599615331} = {BC91DC4C-7B9B-B9EC-EBA5-B32FD88F46AE}
		{4D5884AB-0F3E-4445-AD7E-C40835912BA4} = {BC91DC4C-7B9B-B9EC-EBA5-B32FD88F46AE}
		{1B531C02-7D8E-0816-124D-1F7B88BD3157} = {4A939368-4DCB-2722-D2AD-2E6874654808}
		{72F1515B-850B-4CFF-B92E-85056CBE5C72} = {1B531C02-7D8E-0816-124D-1F7B88BD3157}
		{BD9BCD69-9630-43C6-A445-CEE52D07D8FD} = {1B531C02-7D8E-0816-124D-1F7B88BD3157}
		{DE7B0B76-713A-4BE1-BA88-9B7AFE46DEEB} = {1B531C02-7D8E-0816-124D-1F7B88BD3157}
		{24E3B47B-A638-497C-BC82-6D4D84E1BD19} = {1B531C02-7D8E-0816-124D-1F7B88BD3157}
		{C97E2D0C-E0F4-4F37-82D8-672E192CC5CD} = {1B531C02-7D8E-0816-124D-1F7B88BD3157}
		{05889DB5-9C29-47A4-AF5D-DAAF3C6C2B0C} = {1B531C02-7D8E-0816-124D-1F7B88BD3157}
		{31E6C9ED-B259-828B-EDA3-A49D78EEE8B4} = {4A939368-4DCB-2722-D2AD-2E6874654808}
		{C0DCA0AD-AA70-43EC-81FA-87EC4678EF28} = {31E6C9ED-B259-828B-EDA3-A49D78EEE8B4}
		{9EC91E47-FB60-4804-AD51-A88C2609ACC5} = {31E6C9ED-B259-828B-EDA3-A49D78EEE8B4}
		{AE28A6D0-F5F3-4E72-9DCA-3517DEE67AE7} = {31E6C9ED-B259-828B-EDA3-A49D78EEE8B4}
		{ACFD2F76-1FDE-4403-940C-3C9AA360FB05} = {31E6C9ED-B259-828B-EDA3-A49D78EEE8B4}
		{53B325D3-0E95-436B-A9CD-BC0D673FC0A0} = {31E6C9ED-B259-828B-EDA3-A49D78EEE8B4}
		{819B824A-D9F9-4455-A786-DA9B7F2581C4} = {31E6C9ED-B259-828B-EDA3-A49D78EEE8B4}
		{C8C2ADD4-A58C-B8B3-CCEE-A2EDBBFB9A33} = {4A939368-4DCB-2722-D2AD-2E6874654808}
		{AC313034-F753-4565-B2E3-DC4E0C5921FC} = {C8C2ADD4-A58C-B8B3-CCEE-A2EDBBFB9A33}
		{3F4E4F68-27B4-43E1-A3C8-6B593DDF5985} = {C8C2ADD4-A58C-B8B3-CCEE-A2EDBBFB9A33}
		{79166B41-F683-470D-BE1C-D36C2D0C1898} = {C8C2ADD4-A58C-B8B3-CCEE-A2EDBBFB9A33}
		{63D772A5-A2B9-4F6D-BE4B-EEC4FDFEE06B} = {C8C2ADD4-A58C-B8B3-CCEE-A2EDBBFB9A33}
		{B226E8EB-A1B4-4CBD-9360-0F93D08277D4} = {C8C2ADD4-A58C-B8B3-CCEE-A2EDBBFB9A33}
		{9F2D0E3D-40E0-4F0D-ABF0-41FC54C7E071} = {C8C2ADD4-A58C-B8B3-CCEE-A2EDBBFB9A33}
		{36D8C42F-4FBD-FC5E-CC41-32D400E07243} = {4A939368-4DCB-2722-D2AD-2E6874654808}
		{7D72BB1E-18BA-499D-AFDD-2C586901202A} = {36D8C42F-4FBD-FC5E-CC41-32D400E07243}
		{9B5F8091-B7EA-46E3-ACDD-B8455FD57375} = {36D8C42F-4FBD-FC5E-CC41-32D400E07243}
		{20F132D1-2201-46DA-B0B4-612A74EEDA48} = {36D8C42F-4FBD-FC5E-CC41-32D400E07243}
		{D5CC6C3E-8678-44A2-9750-E25B27855AD8} = {36D8C42F-4FBD-FC5E-CC41-32D400E07243}
		{4904AD51-BECB-4285-AA1D-9A218769BC36} = {36D8C42F-4FBD-FC5E-CC41-32D400E07243}
		{24CC8B97-4F27-4E41-AAFD-C4B8B8B77F45} = {36D8C42F-4FBD-FC5E-CC41-32D400E07243}
		{5FB87C89-69A7-7AD2-4675-8C09CA71E9F6} = {4A939368-4DCB-2722-D2AD-2E6874654808}
		{0B0429A3-CA4A-4C40-805C-1F4146EC3F8A} = {5FB87C89-69A7-7AD2-4675-8C09CA71E9F6}
		{4283A7F7-5510-45C9-BA95-0A9245956D15} = {5FB87C89-69A7-7AD2-4675-8C09CA71E9F6}
		{7DB7A02C-B8F8-4A7D-B2CC-928E6AD1009E} = {5FB87C89-69A7-7AD2-4675-8C09CA71E9F6}
		{B6986967-8AC0-4357-B671-161AB14470E4} = {5FB87C89-69A7-7AD2-4675-8C09CA71E9F6}
		{E8134118-C745-4EE1-B230-6214DB9B8B86} = {5FB87C89-69A7-7AD2-4675-8C09CA71E9F6}
		{031BEC8F-5385-4A1A-ABB1-961931A2DC89} = {5FB87C89-69A7-7AD2-4675-8C09CA71E9F6}
		{D8C81624-966F-D06E-07AA-5A5CEE056E83} = {B36A84DF-456D-A817-6EDD-3EC3E7F6E11F}
		{D86E9A01-F8DA-4AA9-8C7C-A1CEE721E4E6} = {D8C81624-966F-D06E-07AA-5A5CEE056E83}
		{B64A090F-EDAF-4EAB-9558-98241E2ADBA9} = {D8C81624-966F-D06E-07AA-5A5CEE056E83}
	EndGlobalSection
EndGlobal
